<?xml version="1.0" encoding="utf-8"?>
<Project ToolsVersion="4.0" xmlns="http://schemas.microsoft.com/developer/msbuild/2003">
  <ItemGroup>
    <Filter Include="Source Files">
      <UniqueIdentifier>{bbda7386-14ab-4fa3-acc9-963ca43c88e3}</UniqueIdentifier>
      <Extensions>cpp;c;cxx;rc;def;r;odl;idl;hpj;bat</Extensions>
    </Filter>
    <Filter Include="Header Files">
      <UniqueIdentifier>{5ccae7e6-1a7d-4e95-b584-ff8bbfed1658}</UniqueIdentifier>
      <Extensions>h;hpp;hxx;hm;inl</Extensions>
    </Filter>
    <Filter Include="Resource Files">
      <UniqueIdentifier>{96db7e55-97f7-444b-8de8-ef77ddbbb686}</UniqueIdentifier>
      <Extensions>ico;cur;bmp;dlg;rc2;rct;bin;rgs;gif;jpg;jpeg;jpe</Extensions>
    </Filter>
  </ItemGroup>
  <ItemGroup>
    <ClCompile Include="src\Loan.cpp">
      <Filter>Source Files</Filter>
    </ClCompile>
    <ClCompile Include="src\loaning_rate.cpp">
      <Filter>Source Files</Filter>
    </ClCompile>
    <ClCompile Include="src\api.cpp">
      <Filter>Source Files</Filter>
    </ClCompile>
  </ItemGroup>
  <ItemGroup>
    <ClInclude Include="src\api.h">
      <Filter>Header Files</Filter>
    </ClInclude>
    <ClInclude Include="src\Loan.h">
      <Filter>Header Files</Filter>
    </ClInclude>
  </ItemGroup>
</Project>