<?xml version="1.0" encoding="UTF-8" standalone="yes" ?>
<CodeBlocks_project_file>
	<FileVersion major="1" minor="6" />
	<Project>
		<Option title="CTest" />
		<Option pch_mode="2" />
		<Option compiler="gcc" />
		<Build>
			<Target title="Debug">
				<Option output="bin/Debug/CTest" prefix_auto="1" extension_auto="1" />
				<Option object_output="obj/Debug/" />
				<Option type="1" />
				<Option compiler="gcc" />
				<Compiler>
					<Add option="-g" />
				</Compiler>
			</Target>
			<Target title="Release">
				<Option output="bin/Release/CTest" prefix_auto="1" extension_auto="1" />
				<Option object_output="obj/Release/" />
				<Option type="1" />
				<Option compiler="gcc" />
				<Compiler>
					<Add option="-O2" />
				</Compiler>
				<Linker>
					<Add option="-s" />
				</Linker>
			</Target>
		</Build>
		<Compiler>
			<Add option="-Wall" />
			<Add option="-std=c99" />
			<Add directory="include/glib-2.0" />
			<Add directory="lib/glib-2.0/include" />
		</Compiler>
		<Linker>
			<Add library="lib\gio-2.0.lib" />
			<Add library="lib\glib-2.0.lib" />
			<Add library="lib\gmodule-2.0.lib" />
			<Add library="lib\gobject-2.0.lib" />
			<Add library="lib\gthread-2.0.lib" />
			<Add directory="lib" />
		</Linker>
		<Unit filename="CLAH/Chap10/lsq.c">
			<Option compilerVar="CC" />
		</Unit>
		<Unit filename="CLAH/Chap10/lsq2.c">
			<Option compilerVar="CC" />
		</Unit>
		<Unit filename="CLAH/Chap10/r_gaus.c">
			<Option compilerVar="CC" />
		</Unit>
		<Unit filename="CLAH/Chap11/RC.c">
			<Option compilerVar="CC" />
		</Unit>
		<Unit filename="CLAH/Chap11/RD.c">
			<Option compilerVar="CC" />
		</Unit>
		<Unit filename="CLAH/Chap11/RF.c">
			<Option compilerVar="CC" />
		</Unit>
		<Unit filename="CLAH/Chap11/RJ.c">
			<Option compilerVar="CC" />
		</Unit>
		<Unit filename="CLAH/Chap11/beta.c">
			<Option compilerVar="CC" />
		</Unit>
		<Unit filename="CLAH/Chap11/beta2.c">
			<Option compilerVar="CC" />
		</Unit>
		<Unit filename="CLAH/Chap11/beta20.c">
			<Option compilerVar="CC" />
		</Unit>
		<Unit filename="CLAH/Chap11/bsl1.c">
			<Option compilerVar="CC" />
		</Unit>
		<Unit filename="CLAH/Chap11/bsl10.c">
			<Option compilerVar="CC" />
		</Unit>
		<Unit filename="CLAH/Chap11/bsl2.c">
			<Option compilerVar="CC" />
		</Unit>
		<Unit filename="CLAH/Chap11/bsl3.c">
			<Option compilerVar="CC" />
		</Unit>
		<Unit filename="CLAH/Chap11/bsl30.c">
			<Option compilerVar="CC" />
		</Unit>
		<Unit filename="CLAH/Chap11/bsl4.c">
			<Option compilerVar="CC" />
		</Unit>
		<Unit filename="CLAH/Chap11/cbdf.c">
			<Option compilerVar="CC" />
		</Unit>
		<Unit filename="CLAH/Chap11/chii.c">
			<Option compilerVar="CC" />
		</Unit>
		<Unit filename="CLAH/Chap11/chii0.c">
			<Option compilerVar="CC" />
		</Unit>
		<Unit filename="CLAH/Chap11/elp1.c">
			<Option compilerVar="CC" />
		</Unit>
		<Unit filename="CLAH/Chap11/elp10.c">
			<Option compilerVar="CC" />
		</Unit>
		<Unit filename="CLAH/Chap11/elp20.c">
			<Option compilerVar="CC" />
		</Unit>
		<Unit filename="CLAH/Chap11/errf.c">
			<Option compilerVar="CC" />
		</Unit>
		<Unit filename="CLAH/Chap11/errf0.c">
			<Option compilerVar="CC" />
		</Unit>
		<Unit filename="CLAH/Chap11/expi.c">
			<Option compilerVar="CC" />
		</Unit>
		<Unit filename="CLAH/Chap11/expi0.c">
			<Option compilerVar="CC" />
		</Unit>
		<Unit filename="CLAH/Chap11/factrl.c">
			<Option compilerVar="CC" />
		</Unit>
		<Unit filename="CLAH/Chap11/factrl0.c">
			<Option compilerVar="CC" />
		</Unit>
		<Unit filename="CLAH/Chap11/frac.c">
			<Option compilerVar="CC" />
		</Unit>
		<Unit filename="CLAH/Chap11/frac0.c">
			<Option compilerVar="CC" />
		</Unit>
		<Unit filename="CLAH/Chap11/gamm2.c">
			<Option compilerVar="CC" />
		</Unit>
		<Unit filename="CLAH/Chap11/gamm20.c">
			<Option compilerVar="CC" />
		</Unit>
		<Unit filename="CLAH/Chap11/gamma0.c">
			<Option compilerVar="CC" />
		</Unit>
		<Unit filename="CLAH/Chap11/gammln.c">
			<Option compilerVar="CC" />
		</Unit>
		<Unit filename="CLAH/Chap11/something.h" />
		<Unit filename="CLAH/Chap11/studf.c">
			<Option compilerVar="CC" />
		</Unit>
		<Unit filename="CLAH/Chap12/bfgs.c">
			<Option compilerVar="CC" />
		</Unit>
		<Unit filename="CLAH/Chap12/bfgs0.c">
			<Option compilerVar="CC" />
		</Unit>
		<Unit filename="CLAH/Chap12/brake.c">
			<Option compilerVar="CC" />
		</Unit>
		<Unit filename="CLAH/Chap12/brake0.c">
			<Option compilerVar="CC" />
		</Unit>
		<Unit filename="CLAH/Chap12/brent.c">
			<Option compilerVar="CC" />
		</Unit>
		<Unit filename="CLAH/Chap12/brent0.c">
			<Option compilerVar="CC" />
		</Unit>
		<Unit filename="CLAH/Chap12/bsl1.c">
			<Option compilerVar="CC" />
		</Unit>
		<Unit filename="CLAH/Chap12/cggm0.c">
			<Option compilerVar="CC" />
		</Unit>
		<Unit filename="CLAH/Chap12/cggm1.c">
			<Option compilerVar="CC" />
		</Unit>
		<Unit filename="CLAH/Chap12/cggm2.c">
			<Option compilerVar="CC" />
		</Unit>
		<Unit filename="CLAH/Chap12/dbrent.c">
			<Option compilerVar="CC" />
		</Unit>
		<Unit filename="CLAH/Chap12/dbrent0.c">
			<Option compilerVar="CC" />
		</Unit>
		<Unit filename="CLAH/Chap12/ddirmin.c">
			<Option compilerVar="CC" />
		</Unit>
		<Unit filename="CLAH/Chap12/ddirmin0.c">
			<Option compilerVar="CC" />
		</Unit>
		<Unit filename="CLAH/Chap12/dirmin.c">
			<Option compilerVar="CC" />
		</Unit>
		<Unit filename="CLAH/Chap12/dirmin0.c">
			<Option compilerVar="CC" />
		</Unit>
		<Unit filename="CLAH/Chap12/goldsch.c">
			<Option compilerVar="CC" />
		</Unit>
		<Unit filename="CLAH/Chap12/goldsch0.c">
			<Option compilerVar="CC" />
		</Unit>
		<Unit filename="CLAH/Chap12/lfs.c">
			<Option compilerVar="CC" />
		</Unit>
		<Unit filename="CLAH/Chap12/powell.c">
			<Option compilerVar="CC" />
		</Unit>
		<Unit filename="CLAH/Chap12/powell0.c">
			<Option compilerVar="CC" />
		</Unit>
		<Unit filename="CLAH/Chap12/s2implex0.c">
			<Option compilerVar="CC" />
		</Unit>
		<Unit filename="CLAH/Chap12/simp1.c">
			<Option compilerVar="CC" />
		</Unit>
		<Unit filename="CLAH/Chap12/simp10.c">
			<Option compilerVar="CC" />
		</Unit>
		<Unit filename="CLAH/Chap12/simp2.c">
			<Option compilerVar="CC" />
		</Unit>
		<Unit filename="CLAH/Chap12/simp20.c">
			<Option compilerVar="CC" />
		</Unit>
		<Unit filename="CLAH/Chap12/simplex.c">
			<Option compilerVar="CC" />
		</Unit>
		<Unit filename="CLAH/Chap12/simplex0.c">
			<Option compilerVar="CC" />
		</Unit>
		<Unit filename="CLAH/Chap12/something.h" />
		<Unit filename="CLAH/Chap13/Ftest_example7.c">
			<Option compilerVar="CC" />
		</Unit>
		<Unit filename="CLAH/Chap13/c2test.c">
			<Option compilerVar="CC" />
		</Unit>
		<Unit filename="CLAH/Chap13/c2test_example8.c">
			<Option compilerVar="CC" />
		</Unit>
		<Unit filename="CLAH/Chap13/ftest.c">
			<Option compilerVar="CC" />
		</Unit>
		<Unit filename="CLAH/Chap13/mde.c">
			<Option compilerVar="CC" />
		</Unit>
		<Unit filename="CLAH/Chap13/mde_example5.c">
			<Option compilerVar="CC" />
		</Unit>
		<Unit filename="CLAH/Chap13/rand_gauss_example3.c">
			<Option compilerVar="CC" />
		</Unit>
		<Unit filename="CLAH/Chap13/rand_gauss_example4.c">
			<Option compilerVar="CC" />
		</Unit>
		<Unit filename="CLAH/Chap13/rand_u_example1.c">
			<Option compilerVar="CC" />
		</Unit>
		<Unit filename="CLAH/Chap13/rand_uab_example2.c">
			<Option compilerVar="CC" />
		</Unit>
		<Unit filename="CLAH/Chap13/randgsab.c">
			<Option compilerVar="CC" />
		</Unit>
		<Unit filename="CLAH/Chap13/randgsabs.c">
			<Option compilerVar="CC" />
		</Unit>
		<Unit filename="CLAH/Chap13/randu01.c">
			<Option compilerVar="CC" />
		</Unit>
		<Unit filename="CLAH/Chap13/randu01s.c">
			<Option compilerVar="CC" />
		</Unit>
		<Unit filename="CLAH/Chap13/randuab.c">
			<Option compilerVar="CC" />
		</Unit>
		<Unit filename="CLAH/Chap13/randuabs.c">
			<Option compilerVar="CC" />
		</Unit>
		<Unit filename="CLAH/Chap13/something.h" />
		<Unit filename="CLAH/Chap13/ttest.c">
			<Option compilerVar="CC" />
		</Unit>
		<Unit filename="CLAH/Chap13/ttest_example6.c">
			<Option compilerVar="CC" />
		</Unit>
		<Unit filename="CLAH/Chap13/tutest.c">
			<Option compilerVar="CC" />
		</Unit>
		<Unit filename="CLAH/Chap14/Fsech.c">
			<Option compilerVar="CC" />
		</Unit>
		<Unit filename="CLAH/Chap14/bist.c">
			<Option compilerVar="CC" />
		</Unit>
		<Unit filename="CLAH/Chap14/hash0.c">
			<Option compilerVar="CC" />
		</Unit>
		<Unit filename="CLAH/Chap14/hashdel.c">
			<Option compilerVar="CC" />
		</Unit>
		<Unit filename="CLAH/Chap14/hashins.c">
			<Option compilerVar="CC" />
		</Unit>
		<Unit filename="CLAH/Chap14/hashk.c">
			<Option compilerVar="CC" />
		</Unit>
		<Unit filename="CLAH/Chap14/hashpos.c">
			<Option compilerVar="CC" />
		</Unit>
		<Unit filename="CLAH/Chap14/hashsch.c">
			<Option compilerVar="CC" />
		</Unit>
		<Unit filename="CLAH/Chap14/mima.c">
			<Option compilerVar="CC" />
		</Unit>
		<Unit filename="CLAH/Chap14/mima0.c">
			<Option compilerVar="CC" />
		</Unit>
		<Unit filename="CLAH/Chap14/mmas.c">
			<Option compilerVar="CC" />
		</Unit>
		<Unit filename="CLAH/Chap14/qcks.c">
			<Option compilerVar="CC" />
		</Unit>
		<Unit filename="CLAH/Chap14/sech.c">
			<Option compilerVar="CC" />
		</Unit>
		<Unit filename="CLAH/Chap14/sech0.c">
			<Option compilerVar="CC" />
		</Unit>
		<Unit filename="CLAH/Chap14/something.h" />
		<Unit filename="CLAH/Chap15/cout.c">
			<Option compilerVar="CC" />
		</Unit>
		<Unit filename="CLAH/Chap15/heap.c">
			<Option compilerVar="CC" />
		</Unit>
		<Unit filename="CLAH/Chap15/inst.c">
			<Option compilerVar="CC" />
		</Unit>
		<Unit filename="CLAH/Chap15/inst0.c">
			<Option compilerVar="CC" />
		</Unit>
		<Unit filename="CLAH/Chap15/lnst0.c">
			<Option compilerVar="CC" />
		</Unit>
		<Unit filename="CLAH/Chap15/mgst.c">
			<Option compilerVar="CC" />
		</Unit>
		<Unit filename="CLAH/Chap15/mgst0.c">
			<Option compilerVar="CC" />
		</Unit>
		<Unit filename="CLAH/Chap15/popo.c">
			<Option compilerVar="CC" />
		</Unit>
		<Unit filename="CLAH/Chap15/qck0.c">
			<Option compilerVar="CC" />
		</Unit>
		<Unit filename="CLAH/Chap15/qcks.c">
			<Option compilerVar="CC" />
		</Unit>
		<Unit filename="CLAH/Chap15/rads.c">
			<Option compilerVar="CC" />
		</Unit>
		<Unit filename="CLAH/Chap15/selt.c">
			<Option compilerVar="CC" />
		</Unit>
		<Unit filename="CLAH/Chap15/selt0.c">
			<Option compilerVar="CC" />
		</Unit>
		<Unit filename="CLAH/Chap15/shel.c">
			<Option compilerVar="CC" />
		</Unit>
		<Unit filename="CLAH/Chap15/something.h" />
		<Unit filename="CLAH/Chap16/cfft0.c">
			<Option compilerVar="CC" />
		</Unit>
		<Unit filename="CLAH/Chap16/dct.c">
			<Option compilerVar="CC" />
		</Unit>
		<Unit filename="CLAH/Chap16/dct0.c">
			<Option compilerVar="CC" />
		</Unit>
		<Unit filename="CLAH/Chap16/fft.c">
			<Option compilerVar="CC" />
		</Unit>
		<Unit filename="CLAH/Chap16/hadma.c">
			<Option compilerVar="CC" />
		</Unit>
		<Unit filename="CLAH/Chap16/ifft.c">
			<Option compilerVar="CC" />
		</Unit>
		<Unit filename="CLAH/Chap16/kabg.c">
			<Option compilerVar="CC" />
		</Unit>
		<Unit filename="CLAH/Chap16/kabg0.c">
			<Option compilerVar="CC" />
		</Unit>
		<Unit filename="CLAH/Chap16/r2fft.c">
			<Option compilerVar="CC" />
		</Unit>
		<Unit filename="CLAH/Chap16/smoth.c">
			<Option compilerVar="CC" />
		</Unit>
		<Unit filename="CLAH/Chap16/smoth0.c">
			<Option compilerVar="CC" />
		</Unit>
		<Unit filename="CLAH/Chap16/something.h" />
		<Unit filename="CLAH/Chap16/wolt.c">
			<Option compilerVar="CC" />
		</Unit>
		<Unit filename="CLAH/Chap16/wolt0.c">
			<Option compilerVar="CC" />
		</Unit>
		<Unit filename="CLAH/Chap1/exp1.c">
			<Option compilerVar="CC" />
		</Unit>
		<Unit filename="CLAH/Chap1/exp2.c">
			<Option compilerVar="CC" />
		</Unit>
		<Unit filename="CLAH/Chap1/exp3.c">
			<Option compilerVar="CC" />
		</Unit>
		<Unit filename="CLAH/Chap1/exp4.c">
			<Option compilerVar="CC" />
		</Unit>
		<Unit filename="CLAH/Chap2/c_comp.h" />
		<Unit filename="CLAH/Chap2/c_comp_cos.c">
			<Option compilerVar="CC" />
		</Unit>
		<Unit filename="CLAH/Chap2/c_comp_divide.c">
			<Option compilerVar="CC" />
		</Unit>
		<Unit filename="CLAH/Chap2/c_comp_example1.c">
			<Option compilerVar="CC" />
		</Unit>
		<Unit filename="CLAH/Chap2/c_comp_example2.c">
			<Option compilerVar="CC" />
		</Unit>
		<Unit filename="CLAH/Chap2/c_comp_exp.c">
			<Option compilerVar="CC" />
		</Unit>
		<Unit filename="CLAH/Chap2/c_comp_log.c">
			<Option compilerVar="CC" />
		</Unit>
		<Unit filename="CLAH/Chap2/c_comp_nthroot.c">
			<Option compilerVar="CC" />
		</Unit>
		<Unit filename="CLAH/Chap2/c_comp_plus.c">
			<Option compilerVar="CC" />
		</Unit>
		<Unit filename="CLAH/Chap2/c_comp_power.c">
			<Option compilerVar="CC" />
		</Unit>
		<Unit filename="CLAH/Chap2/c_comp_product.c">
			<Option compilerVar="CC" />
		</Unit>
		<Unit filename="CLAH/Chap2/c_comp_sin.c">
			<Option compilerVar="CC" />
		</Unit>
		<Unit filename="CLAH/Chap2/c_comp_sub.c">
			<Option compilerVar="CC" />
		</Unit>
		<Unit filename="CLAH/Chap3/c2p.c">
			<Option compilerVar="CC" />
		</Unit>
		<Unit filename="CLAH/Chap3/c2p0.c">
			<Option compilerVar="CC" />
		</Unit>
		<Unit filename="CLAH/Chap3/cpdiv.c">
			<Option compilerVar="CC" />
		</Unit>
		<Unit filename="CLAH/Chap3/cpmd0.c">
			<Option compilerVar="CC" />
		</Unit>
		<Unit filename="CLAH/Chap3/cpmul.c">
			<Option compilerVar="CC" />
		</Unit>
		<Unit filename="CLAH/Chap3/p2c.c">
			<Option compilerVar="CC" />
		</Unit>
		<Unit filename="CLAH/Chap3/rp2va.c">
			<Option compilerVar="CC" />
		</Unit>
		<Unit filename="CLAH/Chap3/rp2va0.c">
			<Option compilerVar="CC" />
		</Unit>
		<Unit filename="CLAH/Chap3/rpdiv.c">
			<Option compilerVar="CC" />
		</Unit>
		<Unit filename="CLAH/Chap3/rpmd0.c">
			<Option compilerVar="CC" />
		</Unit>
		<Unit filename="CLAH/Chap3/rpmul.c">
			<Option compilerVar="CC" />
		</Unit>
		<Unit filename="CLAH/Chap3/rpmva.c">
			<Option compilerVar="CC" />
		</Unit>
		<Unit filename="CLAH/Chap3/rpmva0.c">
			<Option compilerVar="CC" />
		</Unit>
		<Unit filename="CLAH/Chap3/rpva.c">
			<Option compilerVar="CC" />
		</Unit>
		<Unit filename="CLAH/Chap3/something.h" />
		<Unit filename="CLAH/Chap4/Tminv.c">
			<Option compilerVar="CC" />
		</Unit>
		<Unit filename="CLAH/Chap4/Tminv0.c">
			<Option compilerVar="CC" />
		</Unit>
		<Unit filename="CLAH/Chap4/c_matinv0.c">
			<Option compilerVar="CC" />
		</Unit>
		<Unit filename="CLAH/Chap4/c_matmul.c">
			<Option compilerVar="CC" />
		</Unit>
		<Unit filename="CLAH/Chap4/c_minv.c">
			<Option compilerVar="CC" />
		</Unit>
		<Unit filename="CLAH/Chap4/jcb0.c">
			<Option compilerVar="CC" />
		</Unit>
		<Unit filename="CLAH/Chap4/jcb1.c">
			<Option compilerVar="CC" />
		</Unit>
		<Unit filename="CLAH/Chap4/jcb2.c">
			<Option compilerVar="CC" />
		</Unit>
		<Unit filename="CLAH/Chap4/matmul0.c">
			<Option compilerVar="CC" />
		</Unit>
		<Unit filename="CLAH/Chap4/mhdqr.c">
			<Option compilerVar="CC" />
		</Unit>
		<Unit filename="CLAH/Chap4/mhdqr0.c">
			<Option compilerVar="CC" />
		</Unit>
		<Unit filename="CLAH/Chap4/mhhbg.c">
			<Option compilerVar="CC" />
		</Unit>
		<Unit filename="CLAH/Chap4/minv0.c">
			<Option compilerVar="CC" />
		</Unit>
		<Unit filename="CLAH/Chap4/mst01.c">
			<Option compilerVar="CC" />
		</Unit>
		<Unit filename="CLAH/Chap4/mst02.c">
			<Option compilerVar="CC" />
		</Unit>
		<Unit filename="CLAH/Chap4/r_chdet.c">
			<Option compilerVar="CC" />
		</Unit>
		<Unit filename="CLAH/Chap4/r_chol.c">
			<Option compilerVar="CC" />
		</Unit>
		<Unit filename="CLAH/Chap4/r_chol0.c">
			<Option compilerVar="CC" />
		</Unit>
		<Unit filename="CLAH/Chap4/r_matlu0.c">
			<Option compilerVar="CC" />
		</Unit>
		<Unit filename="CLAH/Chap4/r_matmul.c">
			<Option compilerVar="CC" />
		</Unit>
		<Unit filename="CLAH/Chap4/r_matsvd.c">
			<Option compilerVar="CC" />
		</Unit>
		<Unit filename="CLAH/Chap4/r_mdet.c">
			<Option compilerVar="CC" />
		</Unit>
		<Unit filename="CLAH/Chap4/r_mdet0.c">
			<Option compilerVar="CC" />
		</Unit>
		<Unit filename="CLAH/Chap4/r_mlu.c">
			<Option compilerVar="CC" />
		</Unit>
		<Unit filename="CLAH/Chap4/r_mqr.c">
			<Option compilerVar="CC" />
		</Unit>
		<Unit filename="CLAH/Chap4/r_mqr0.c">
			<Option compilerVar="CC" />
		</Unit>
		<Unit filename="CLAH/Chap4/r_mrank.c">
			<Option compilerVar="CC" />
		</Unit>
		<Unit filename="CLAH/Chap4/sd_matinv0.c">
			<Option compilerVar="CC" />
		</Unit>
		<Unit filename="CLAH/Chap4/sdminv.c">
			<Option compilerVar="CC" />
		</Unit>
		<Unit filename="CLAH/Chap4/smdqr.c">
			<Option compilerVar="CC" />
		</Unit>
		<Unit filename="CLAH/Chap4/smldl.c">
			<Option compilerVar="CC" />
		</Unit>
		<Unit filename="CLAH/Chap4/smldl0.c">
			<Option compilerVar="CC" />
		</Unit>
		<Unit filename="CLAH/Chap4/smtr.c">
			<Option compilerVar="CC" />
		</Unit>
		<Unit filename="CLAH/Chap4/something.h" />
		<Unit filename="CLAH/Chap4/strqr0.c">
			<Option compilerVar="CC" />
		</Unit>
		<Unit filename="CLAH/Chap5/b_gsjd.c">
			<Option compilerVar="CC" />
		</Unit>
		<Unit filename="CLAH/Chap5/bmqr.c">
			<Option compilerVar="CC" />
		</Unit>
		<Unit filename="CLAH/Chap5/bmqr0.c">
			<Option compilerVar="CC" />
		</Unit>
		<Unit filename="CLAH/Chap5/c_gaus.c">
			<Option compilerVar="CC" />
		</Unit>
		<Unit filename="CLAH/Chap5/c_gsjd.c">
			<Option compilerVar="CC" />
		</Unit>
		<Unit filename="CLAH/Chap5/cgs0.c">
			<Option compilerVar="CC" />
		</Unit>
		<Unit filename="CLAH/Chap5/chldl0.c">
			<Option compilerVar="CC" />
		</Unit>
		<Unit filename="CLAH/Chap5/gmqr.c">
			<Option compilerVar="CC" />
		</Unit>
		<Unit filename="CLAH/Chap5/gmqr0.c">
			<Option compilerVar="CC" />
		</Unit>
		<Unit filename="CLAH/Chap5/gsiter0.c">
			<Option compilerVar="CC" />
		</Unit>
		<Unit filename="CLAH/Chap5/gssd.c">
			<Option compilerVar="CC" />
		</Unit>
		<Unit filename="CLAH/Chap5/gstr0.c">
			<Option compilerVar="CC" />
		</Unit>
		<Unit filename="CLAH/Chap5/jaco.c">
			<Option compilerVar="CC" />
		</Unit>
		<Unit filename="CLAH/Chap5/orelax.c">
			<Option compilerVar="CC" />
		</Unit>
		<Unit filename="CLAH/Chap5/r_chde.c">
			<Option compilerVar="CC" />
		</Unit>
		<Unit filename="CLAH/Chap5/r_chol.c">
			<Option compilerVar="CC" />
		</Unit>
		<Unit filename="CLAH/Chap5/r_gaus.c">
			<Option compilerVar="CC" />
		</Unit>
		<Unit filename="CLAH/Chap5/r_gsband.c">
			<Option compilerVar="CC" />
		</Unit>
		<Unit filename="CLAH/Chap5/r_gsjd.c">
			<Option compilerVar="CC" />
		</Unit>
		<Unit filename="CLAH/Chap5/r_ldl.c">
			<Option compilerVar="CC" />
		</Unit>
		<Unit filename="CLAH/Chap5/r_mqr.c">
			<Option compilerVar="CC" />
		</Unit>
		<Unit filename="CLAH/Chap5/r_trzg.c">
			<Option compilerVar="CC" />
		</Unit>
		<Unit filename="CLAH/Chap5/rgs0.c">
			<Option compilerVar="CC" />
		</Unit>
		<Unit filename="CLAH/Chap5/smcg.c">
			<Option compilerVar="CC" />
		</Unit>
		<Unit filename="CLAH/Chap5/smldl.c">
			<Option compilerVar="CC" />
		</Unit>
		<Unit filename="CLAH/Chap5/something.h" />
		<Unit filename="CLAH/Chap5/toepl.c">
			<Option compilerVar="CC" />
		</Unit>
		<Unit filename="CLAH/Chap5/toepl0.c">
			<Option compilerVar="CC" />
		</Unit>
		<Unit filename="CLAH/Chap6/aitkenroot.c">
			<Option compilerVar="CC" />
		</Unit>
		<Unit filename="CLAH/Chap6/aitkenroot_example4.c">
			<Option compilerVar="CC" />
		</Unit>
		<Unit filename="CLAH/Chap6/disroot.c">
			<Option compilerVar="CC" />
		</Unit>
		<Unit filename="CLAH/Chap6/disroot_example1.c">
			<Option compilerVar="CC" />
		</Unit>
		<Unit filename="CLAH/Chap6/gradroot.c">
			<Option compilerVar="CC" />
		</Unit>
		<Unit filename="CLAH/Chap6/gradroot_example7.c">
			<Option compilerVar="CC" />
		</Unit>
		<Unit filename="CLAH/Chap6/interroot.c">
			<Option compilerVar="CC" />
		</Unit>
		<Unit filename="CLAH/Chap6/interroot_example3.c">
			<Option compilerVar="CC" />
		</Unit>
		<Unit filename="CLAH/Chap6/mhdqr.c">
			<Option compilerVar="CC" />
		</Unit>
		<Unit filename="CLAH/Chap6/newdonroot.c">
			<Option compilerVar="CC" />
		</Unit>
		<Unit filename="CLAH/Chap6/newdonroot_example2.c">
			<Option compilerVar="CC" />
		</Unit>
		<Unit filename="CLAH/Chap6/nndroot.c">
			<Option compilerVar="CC" />
		</Unit>
		<Unit filename="CLAH/Chap6/nndroot_example8.c">
			<Option compilerVar="CC" />
		</Unit>
		<Unit filename="CLAH/Chap6/qrroot.c">
			<Option compilerVar="CC" />
		</Unit>
		<Unit filename="CLAH/Chap6/qrroot_example5.c">
			<Option compilerVar="CC" />
		</Unit>
		<Unit filename="CLAH/Chap6/r_gaus.c">
			<Option compilerVar="CC" />
		</Unit>
		<Unit filename="CLAH/Chap6/something.h" />
		<Unit filename="CLAH/Chap7/atken.c">
			<Option compilerVar="CC" />
		</Unit>
		<Unit filename="CLAH/Chap7/atken0.c">
			<Option compilerVar="CC" />
		</Unit>
		<Unit filename="CLAH/Chap7/atkene.c">
			<Option compilerVar="CC" />
		</Unit>
		<Unit filename="CLAH/Chap7/bspl0.c">
			<Option compilerVar="CC" />
		</Unit>
		<Unit filename="CLAH/Chap7/bspl1.c">
			<Option compilerVar="CC" />
		</Unit>
		<Unit filename="CLAH/Chap7/bspl2.c">
			<Option compilerVar="CC" />
		</Unit>
		<Unit filename="CLAH/Chap7/bspl3.c">
			<Option compilerVar="CC" />
		</Unit>
		<Unit filename="CLAH/Chap7/hmt.c">
			<Option compilerVar="CC" />
		</Unit>
		<Unit filename="CLAH/Chap7/hmt0.c">
			<Option compilerVar="CC" />
		</Unit>
		<Unit filename="CLAH/Chap7/hmte.c">
			<Option compilerVar="CC" />
		</Unit>
		<Unit filename="CLAH/Chap7/lagr0.c">
			<Option compilerVar="CC" />
		</Unit>
		<Unit filename="CLAH/Chap7/lagr1.c">
			<Option compilerVar="CC" />
		</Unit>
		<Unit filename="CLAH/Chap7/lagr2.c">
			<Option compilerVar="CC" />
		</Unit>
		<Unit filename="CLAH/Chap7/lagr7.c">
			<Option compilerVar="CC" />
		</Unit>
		<Unit filename="CLAH/Chap7/lfs.c">
			<Option compilerVar="CC" />
		</Unit>
		<Unit filename="CLAH/Chap7/lfs0.c">
			<Option compilerVar="CC" />
		</Unit>
		<Unit filename="CLAH/Chap7/something.h" />
		<Unit filename="CLAH/Chap7/spl.c">
			<Option compilerVar="CC" />
		</Unit>
		<Unit filename="CLAH/Chap7/spl0.c">
			<Option compilerVar="CC" />
		</Unit>
		<Unit filename="CLAH/Chap7/sple.c">
			<Option compilerVar="CC" />
		</Unit>
		<Unit filename="CLAH/Chap8/cheb.c">
			<Option compilerVar="CC" />
		</Unit>
		<Unit filename="CLAH/Chap8/gasi.c">
			<Option compilerVar="CC" />
		</Unit>
		<Unit filename="CLAH/Chap8/hemt.c">
			<Option compilerVar="CC" />
		</Unit>
		<Unit filename="CLAH/Chap8/inf10.c">
			<Option compilerVar="CC" />
		</Unit>
		<Unit filename="CLAH/Chap8/inf20.c">
			<Option compilerVar="CC" />
		</Unit>
		<Unit filename="CLAH/Chap8/inf30.c">
			<Option compilerVar="CC" />
		</Unit>
		<Unit filename="CLAH/Chap8/lagr.c">
			<Option compilerVar="CC" />
		</Unit>
		<Unit filename="CLAH/Chap8/leg1.c">
			<Option compilerVar="CC" />
		</Unit>
		<Unit filename="CLAH/Chap8/lfsi.c">
			<Option compilerVar="CC" />
		</Unit>
		<Unit filename="CLAH/Chap8/lfsi0.c">
			<Option compilerVar="CC" />
		</Unit>
		<Unit filename="CLAH/Chap8/lfsi2.c">
			<Option compilerVar="CC" />
		</Unit>
		<Unit filename="CLAH/Chap8/lfsi20.c">
			<Option compilerVar="CC" />
		</Unit>
		<Unit filename="CLAH/Chap8/mont1.c">
			<Option compilerVar="CC" />
		</Unit>
		<Unit filename="CLAH/Chap8/mont10.c">
			<Option compilerVar="CC" />
		</Unit>
		<Unit filename="CLAH/Chap8/mont2.c">
			<Option compilerVar="CC" />
		</Unit>
		<Unit filename="CLAH/Chap8/mont20.c">
			<Option compilerVar="CC" />
		</Unit>
		<Unit filename="CLAH/Chap8/rbg.c">
			<Option compilerVar="CC" />
		</Unit>
		<Unit filename="CLAH/Chap8/simps1.c">
			<Option compilerVar="CC" />
		</Unit>
		<Unit filename="CLAH/Chap8/simps2.c">
			<Option compilerVar="CC" />
		</Unit>
		<Unit filename="CLAH/Chap8/simps20.c">
			<Option compilerVar="CC" />
		</Unit>
		<Unit filename="CLAH/Chap8/something.h" />
		<Unit filename="CLAH/Chap8/tzi0.c">
			<Option compilerVar="CC" />
		</Unit>
		<Unit filename="CLAH/Chap8/tzi1.c">
			<Option compilerVar="CC" />
		</Unit>
		<Unit filename="CLAH/Chap8/tzi2.c">
			<Option compilerVar="CC" />
		</Unit>
		<Unit filename="CLAH/Chap9/adams.c">
			<Option compilerVar="CC" />
		</Unit>
		<Unit filename="CLAH/Chap9/bb.c">
			<Option compilerVar="CC" />
		</Unit>
		<Unit filename="CLAH/Chap9/euler_example1.c">
			<Option compilerVar="CC" />
		</Unit>
		<Unit filename="CLAH/Chap9/euleradv.c">
			<Option compilerVar="CC" />
		</Unit>
		<Unit filename="CLAH/Chap9/eulerinvh.c">
			<Option compilerVar="CC" />
		</Unit>
		<Unit filename="CLAH/Chap9/eulervh.c">
			<Option compilerVar="CC" />
		</Unit>
		<Unit filename="CLAH/Chap9/gillvh.c">
			<Option compilerVar="CC" />
		</Unit>
		<Unit filename="CLAH/Chap9/hamming.c">
			<Option compilerVar="CC" />
		</Unit>
		<Unit filename="CLAH/Chap9/lmu_example3.c">
			<Option compilerVar="CC" />
		</Unit>
		<Unit filename="CLAH/Chap9/rungekutta_example2.c">
			<Option compilerVar="CC" />
		</Unit>
		<Unit filename="CLAH/Chap9/rungekuttainvh.c">
			<Option compilerVar="CC" />
		</Unit>
		<Unit filename="CLAH/Chap9/rungekuttavh.c">
			<Option compilerVar="CC" />
		</Unit>
		<Unit filename="CLAH/Chap9/something.h" />
		<Unit filename="src/getopt.c">
			<Option compilerVar="CC" />
		</Unit>
		<Unit filename="src/getopt.h" />
		<Unit filename="src/jiangxin.c">
			<Option compilerVar="CC" />
		</Unit>
		<Unit filename="src/jiangxin.h" />
		<Unit filename="src/main.c">
			<Option compilerVar="CC" />
		</Unit>
		<Unit filename="src/main.h" />
		<Unit filename="src/main0000.c">
			<Option compilerVar="CC" />
		</Unit>
		<Unit filename="src/main0001.c">
			<Option compilerVar="CC" />
		</Unit>
		<Unit filename="src/main0002.c">
			<Option compilerVar="CC" />
		</Unit>
		<Unit filename="src/main0003.c">
			<Option compilerVar="CC" />
		</Unit>
		<Unit filename="src/main0004.c">
			<Option compilerVar="CC" />
		</Unit>
		<Unit filename="src/main0005.c">
			<Option compilerVar="CC" />
		</Unit>
		<Unit filename="src/main0006.c">
			<Option compilerVar="CC" />
		</Unit>
		<Unit filename="src/main0007.c">
			<Option compilerVar="CC" />
		</Unit>
		<Unit filename="src/main0008.c">
			<Option compilerVar="CC" />
		</Unit>
		<Unit filename="src/main0009.c">
			<Option compilerVar="CC" />
		</Unit>
		<Unit filename="src/main0010.c">
			<Option compilerVar="CC" />
		</Unit>
		<Unit filename="src/main0011.c">
			<Option compilerVar="CC" />
		</Unit>
		<Unit filename="src/main0012.c">
			<Option compilerVar="CC" />
		</Unit>
		<Unit filename="src/main0013.c">
			<Option compilerVar="CC" />
		</Unit>
		<Unit filename="src/main0014.c">
			<Option compilerVar="CC" />
		</Unit>
		<Unit filename="src/main0015.c">
			<Option compilerVar="CC" />
		</Unit>
		<Unit filename="src/main0016.c">
			<Option compilerVar="CC" />
		</Unit>
		<Unit filename="src/main0017.c">
			<Option compilerVar="CC" />
		</Unit>
		<Unit filename="src/main0018.c">
			<Option compilerVar="CC" />
		</Unit>
		<Unit filename="src/main0019.c">
			<Option compilerVar="CC" />
		</Unit>
		<Unit filename="src/main0020.c">
			<Option compilerVar="CC" />
		</Unit>
		<Unit filename="src/main0021.c">
			<Option compilerVar="CC" />
		</Unit>
		<Unit filename="src/main0022.c">
			<Option compilerVar="CC" />
		</Unit>
		<Unit filename="src/main0023.c">
			<Option compilerVar="CC" />
		</Unit>
		<Unit filename="src/main0024.c">
			<Option compilerVar="CC" />
		</Unit>
		<Unit filename="src/main0025.c">
			<Option compilerVar="CC" />
		</Unit>
		<Unit filename="src/main0026.c">
			<Option compilerVar="CC" />
		</Unit>
		<Unit filename="src/main0027.c">
			<Option compilerVar="CC" />
		</Unit>
		<Unit filename="src/main0028.c">
			<Option compilerVar="CC" />
		</Unit>
		<Unit filename="src/main0029.c">
			<Option compilerVar="CC" />
		</Unit>
		<Unit filename="src/main0030.c">
			<Option compilerVar="CC" />
		</Unit>
		<Unit filename="src/main0031.c">
			<Option compilerVar="CC" />
		</Unit>
		<Unit filename="src/main0032.c">
			<Option compilerVar="CC" />
		</Unit>
		<Unit filename="src/main0033.c">
			<Option compilerVar="CC" />
		</Unit>
		<Unit filename="src/main1011.c">
			<Option compilerVar="CC" />
		</Unit>
		<Unit filename="src/main1013.c">
			<Option compilerVar="CC" />
		</Unit>
		<Unit filename="src/main1021.c">
			<Option compilerVar="CC" />
		</Unit>
		<Unit filename="src/main1022.c">
			<Option compilerVar="CC" />
		</Unit>
		<Unit filename="src/main1023.c">
			<Option compilerVar="CC" />
		</Unit>
		<Unit filename="src/main1024.c">
			<Option compilerVar="CC" />
		</Unit>
		<Unit filename="src/main1025.c">
			<Option compilerVar="CC" />
		</Unit>
		<Unit filename="src/main1026.c">
			<Option compilerVar="CC" />
		</Unit>
		<Unit filename="src/main1027.c">
			<Option compilerVar="CC" />
		</Unit>
		<Unit filename="src/main1028.c">
			<Option compilerVar="CC" />
		</Unit>
		<Unit filename="src/main1029.c">
			<Option compilerVar="CC" />
		</Unit>
		<Unit filename="src/main1031.c">
			<Option compilerVar="CC" />
		</Unit>
		<Unit filename="src/main1032.c">
			<Option compilerVar="CC" />
		</Unit>
		<Unit filename="src/main1033.c">
			<Option compilerVar="CC" />
		</Unit>
		<Unit filename="src/main1034.c">
			<Option compilerVar="CC" />
		</Unit>
		<Unit filename="src/main1037.c">
			<Option compilerVar="CC" />
		</Unit>
		<Unit filename="src/main1041.c">
			<Option compilerVar="CC" />
		</Unit>
		<Unit filename="src/main1042.c">
			<Option compilerVar="CC" />
		</Unit>
		<Unit filename="src/main1046.c">
			<Option compilerVar="CC" />
		</Unit>
		<Unit filename="src/main1047.c">
			<Option compilerVar="CC" />
		</Unit>
		<Unit filename="src/main1048.c">
			<Option compilerVar="CC" />
		</Unit>
		<Unit filename="src/main1051.c">
			<Option compilerVar="CC" />
		</Unit>
		<Unit filename="src/main1052.c">
			<Option compilerVar="CC" />
		</Unit>
		<Unit filename="src/main1053.c">
			<Option compilerVar="CC" />
		</Unit>
		<Unit filename="src/main1054.c">
			<Option compilerVar="CC" />
		</Unit>
		<Unit filename="src/main1055.c">
			<Option compilerVar="CC" />
		</Unit>
		<Unit filename="src/main1061.c">
			<Option compilerVar="CC" />
		</Unit>
		<Unit filename="src/main1062.c">
			<Option compilerVar="CC" />
		</Unit>
		<Unit filename="src/main1063.c">
			<Option compilerVar="CC" />
		</Unit>
		<Unit filename="src/main1064.c">
			<Option compilerVar="CC" />
		</Unit>
		<Unit filename="src/main1071.c">
			<Option compilerVar="CC" />
		</Unit>
		<Unit filename="src/main1072.c">
			<Option compilerVar="CC" />
		</Unit>
		<Unit filename="src/main1073.c">
			<Option compilerVar="CC" />
		</Unit>
		<Unit filename="src/main1074.c">
			<Option compilerVar="CC" />
		</Unit>
		<Unit filename="src/main1075.c">
			<Option compilerVar="CC" />
		</Unit>
		<Unit filename="src/main1081.c">
			<Option compilerVar="CC" />
		</Unit>
		<Unit filename="src/main1082.c">
			<Option compilerVar="CC" />
		</Unit>
		<Unit filename="src/main1083.c">
			<Option compilerVar="CC" />
		</Unit>
		<Unit filename="src/main1084.c">
			<Option compilerVar="CC" />
		</Unit>
		<Unit filename="src/main1085.c">
			<Option compilerVar="CC" />
		</Unit>
		<Unit filename="src/main1086.c">
			<Option compilerVar="CC" />
		</Unit>
		<Unit filename="src/main1091.c">
			<Option compilerVar="CC" />
		</Unit>
		<Unit filename="src/main1093.c">
			<Option compilerVar="CC" />
		</Unit>
		<Unit filename="src/main1094.c">
			<Option compilerVar="CC" />
		</Unit>
		<Unit filename="src/main1095.c">
			<Option compilerVar="CC" />
		</Unit>
		<Unit filename="src/main1096.c">
			<Option compilerVar="CC" />
		</Unit>
		<Unit filename="src/main1097.c">
			<Option compilerVar="CC" />
		</Unit>
		<Unit filename="src/main1098.c">
			<Option compilerVar="CC" />
		</Unit>
		<Unit filename="src/main1101.c">
			<Option compilerVar="CC" />
		</Unit>
		<Unit filename="src/main1102.c">
			<Option compilerVar="CC" />
		</Unit>
		<Unit filename="src/main1103.c">
			<Option compilerVar="CC" />
		</Unit>
		<Unit filename="src/main1104.c">
			<Option compilerVar="CC" />
		</Unit>
		<Unit filename="src/main1105.c">
			<Option compilerVar="CC" />
		</Unit>
		<Unit filename="src/main1106.c">
			<Option compilerVar="CC" />
		</Unit>
		<Unit filename="src/main1111.c">
			<Option compilerVar="CC" />
		</Unit>
		<Unit filename="src/main1112.c">
			<Option compilerVar="CC" />
		</Unit>
		<Unit filename="src/main1113.c">
			<Option compilerVar="CC" />
		</Unit>
		<Unit filename="src/main1114.c">
			<Option compilerVar="CC" />
		</Unit>
		<Unit filename="src/main1115.c">
			<Option compilerVar="CC" />
		</Unit>
		<Unit filename="src/main1116.c">
			<Option compilerVar="CC" />
		</Unit>
		<Unit filename="src/main1117.c">
			<Option compilerVar="CC" />
		</Unit>
		<Unit filename="src/main1121.c">
			<Option compilerVar="CC" />
		</Unit>
		<Unit filename="src/main1122.c">
			<Option compilerVar="CC" />
		</Unit>
		<Unit filename="src/main1123.c">
			<Option compilerVar="CC" />
		</Unit>
		<Unit filename="src/main1124.c">
			<Option compilerVar="CC" />
		</Unit>
		<Unit filename="src/main1125.c">
			<Option compilerVar="CC" />
		</Unit>
		<Unit filename="src/main1132.c">
			<Option compilerVar="CC" />
		</Unit>
		<Unit filename="src/main1133.c">
			<Option compilerVar="CC" />
		</Unit>
		<Unit filename="src/main1134.c">
			<Option compilerVar="CC" />
		</Unit>
		<Unit filename="src/main1135.c">
			<Option compilerVar="CC" />
		</Unit>
		<Unit filename="src/main1136.c">
			<Option compilerVar="CC" />
		</Unit>
		<Unit filename="src/main1137.c">
			<Option compilerVar="CC" />
		</Unit>
		<Unit filename="src/main1141.c">
			<Option compilerVar="CC" />
		</Unit>
		<Unit filename="src/main1142.c">
			<Option compilerVar="CC" />
		</Unit>
		<Unit filename="src/main1143.c">
			<Option compilerVar="CC" />
		</Unit>
		<Unit filename="src/main1144.c">
			<Option compilerVar="CC" />
		</Unit>
		<Unit filename="src/main1145.c">
			<Option compilerVar="CC" />
		</Unit>
		<Unit filename="src/main1146.c">
			<Option compilerVar="CC" />
		</Unit>
		<Unit filename="src/main1147.c">
			<Option compilerVar="CC" />
		</Unit>
		<Unit filename="src/main1148.c">
			<Option compilerVar="CC" />
		</Unit>
		<Unit filename="src/main1151.c">
			<Option compilerVar="CC" />
		</Unit>
		<Unit filename="src/main1152.c">
			<Option compilerVar="CC" />
		</Unit>
		<Unit filename="src/main1153.c">
			<Option compilerVar="CC" />
		</Unit>
		<Unit filename="src/main1154.c">
			<Option compilerVar="CC" />
		</Unit>
		<Unit filename="src/main1155.c">
			<Option compilerVar="CC" />
		</Unit>
		<Unit filename="src/main1161.c">
			<Option compilerVar="CC" />
		</Unit>
		<Unit filename="src/main1162.c">
			<Option compilerVar="CC" />
		</Unit>
		<Unit filename="src/main1171.c">
			<Option compilerVar="CC" />
		</Unit>
		<Unit filename="src/tailor.h" />
		<Extensions>
			<code_completion />
			<envvars />
			<debugger />
			<DoxyBlocks>
				<comment_style block="0" line="0" />
				<doxyfile_project />
				<doxyfile_build />
				<doxyfile_warnings />
				<doxyfile_output />
				<doxyfile_dot />
				<general />
			</DoxyBlocks>
		</Extensions>
	</Project>
</CodeBlocks_project_file>
