<?xml version="1.0" encoding="UTF-8" standalone="yes" ?>
<CodeBlocks_project_file>
	<FileVersion major="1" minor="6" />
	<Project>
		<Option title="CTest" />
		<Option pch_mode="2" />
		<Option compiler="gcc" />
		<Build>
			<Target title="Debug">
				<Option output="bin/Debug/CTest" prefix_auto="1" extension_auto="1" />
				<Option object_output="obj/Debug/" />
				<Option type="1" />
				<Option compiler="gcc" />
				<Compiler>
					<Add option="-g" />
				</Compiler>
			</Target>
			<Target title="Release">
				<Option output="bin/Release/CTest" prefix_auto="1" extension_auto="1" />
				<Option object_output="obj/Release/" />
				<Option type="1" />
				<Option compiler="gcc" />
				<Compiler>
					<Add option="-O2" />
				</Compiler>
				<Linker>
					<Add option="-s" />
				</Linker>
			</Target>
		</Build>
		<Compiler>
			<Add option="-Wall" />
			<Add option="-std=c99" />
			<Add directory="include/glib-2.0" />
			<Add directory="lib/glib-2.0/include" />
		</Compiler>
		<Linker>
			<Add library="lib\gio-2.0.lib" />
			<Add library="lib\glib-2.0.lib" />
			<Add library="lib\gmodule-2.0.lib" />
			<Add library="lib\gobject-2.0.lib" />
			<Add library="lib\gthread-2.0.lib" />
			<Add directory="lib" />
		</Linker>
		<Unit filename="src/jiangxin.c">
			<Option compilerVar="CC" />
		</Unit>
		<Unit filename="src/jiangxin.h" />
		<Unit filename="src/main.c">
			<Option compilerVar="CC" />
		</Unit>
		<Unit filename="src/main.h" />
		<Unit filename="src/main0000.c">
			<Option compilerVar="CC" />
		</Unit>
		<Unit filename="src/main0001.c">
			<Option compilerVar="CC" />
		</Unit>
		<Unit filename="src/main0002.c">
			<Option compilerVar="CC" />
		</Unit>
		<Unit filename="src/main0003.c">
			<Option compilerVar="CC" />
		</Unit>
		<Unit filename="src/main0004.c">
			<Option compilerVar="CC" />
		</Unit>
		<Unit filename="src/main0005.c">
			<Option compilerVar="CC" />
		</Unit>
		<Unit filename="src/main0006.c">
			<Option compilerVar="CC" />
		</Unit>
		<Unit filename="src/main0007.c">
			<Option compilerVar="CC" />
		</Unit>
		<Unit filename="src/main0008.c">
			<Option compilerVar="CC" />
		</Unit>
		<Unit filename="src/main0009.c">
			<Option compilerVar="CC" />
		</Unit>
		<Unit filename="src/main0010.c">
			<Option compilerVar="CC" />
		</Unit>
		<Unit filename="src/main0011.c">
			<Option compilerVar="CC" />
		</Unit>
		<Unit filename="src/main0012.c">
			<Option compilerVar="CC" />
		</Unit>
		<Unit filename="src/main0013.c">
			<Option compilerVar="CC" />
		</Unit>
		<Unit filename="src/main0014.c">
			<Option compilerVar="CC" />
		</Unit>
		<Unit filename="src/main0015.c">
			<Option compilerVar="CC" />
		</Unit>
		<Unit filename="src/main0016.c">
			<Option compilerVar="CC" />
		</Unit>
		<Unit filename="src/main0017.c">
			<Option compilerVar="CC" />
		</Unit>
		<Unit filename="src/main0018.c">
			<Option compilerVar="CC" />
		</Unit>
		<Unit filename="src/main0019.c">
			<Option compilerVar="CC" />
		</Unit>
		<Unit filename="src/main0020.c">
			<Option compilerVar="CC" />
		</Unit>
		<Unit filename="src/main0021.c">
			<Option compilerVar="CC" />
		</Unit>
		<Unit filename="src/main0022.c">
			<Option compilerVar="CC" />
		</Unit>
		<Unit filename="src/main0023.c">
			<Option compilerVar="CC" />
		</Unit>
		<Unit filename="src/main0024.c">
			<Option compilerVar="CC" />
		</Unit>
		<Unit filename="src/main0025.c">
			<Option compilerVar="CC" />
		</Unit>
		<Unit filename="src/main0026.c">
			<Option compilerVar="CC" />
		</Unit>
		<Unit filename="src/main0027.c">
			<Option compilerVar="CC" />
		</Unit>
		<Unit filename="src/main0028.c">
			<Option compilerVar="CC" />
		</Unit>
		<Unit filename="src/main0029.c">
			<Option compilerVar="CC" />
		</Unit>
		<Unit filename="src/main0030.c">
			<Option compilerVar="CC" />
		</Unit>
		<Unit filename="src/main0031.c">
			<Option compilerVar="CC" />
		</Unit>
		<Unit filename="src/main0032.c">
			<Option compilerVar="CC" />
		</Unit>
		<Unit filename="src/main0033.c">
			<Option compilerVar="CC" />
		</Unit>
		<Unit filename="src/main0034.c">
			<Option compilerVar="CC" />
		</Unit>
		<Unit filename="src/main1011.c">
			<Option compilerVar="CC" />
		</Unit>
		<Unit filename="src/main1013.c">
			<Option compilerVar="CC" />
		</Unit>
		<Unit filename="src/main1021.c">
			<Option compilerVar="CC" />
		</Unit>
		<Unit filename="src/main1022.c">
			<Option compilerVar="CC" />
		</Unit>
		<Unit filename="src/main1023.c">
			<Option compilerVar="CC" />
		</Unit>
		<Unit filename="src/main1024.c">
			<Option compilerVar="CC" />
		</Unit>
		<Unit filename="src/main1025.c">
			<Option compilerVar="CC" />
		</Unit>
		<Unit filename="src/main1026.c">
			<Option compilerVar="CC" />
		</Unit>
		<Unit filename="src/main1027.c">
			<Option compilerVar="CC" />
		</Unit>
		<Unit filename="src/main1028.c">
			<Option compilerVar="CC" />
		</Unit>
		<Unit filename="src/main1029.c">
			<Option compilerVar="CC" />
		</Unit>
		<Unit filename="src/main1031.c">
			<Option compilerVar="CC" />
		</Unit>
		<Unit filename="src/main1032.c">
			<Option compilerVar="CC" />
		</Unit>
		<Unit filename="src/main1033.c">
			<Option compilerVar="CC" />
		</Unit>
		<Unit filename="src/main1034.c">
			<Option compilerVar="CC" />
		</Unit>
		<Unit filename="src/main1037.c">
			<Option compilerVar="CC" />
		</Unit>
		<Unit filename="src/main1041.c">
			<Option compilerVar="CC" />
		</Unit>
		<Unit filename="src/main1042.c">
			<Option compilerVar="CC" />
		</Unit>
		<Unit filename="src/main1046.c">
			<Option compilerVar="CC" />
		</Unit>
		<Unit filename="src/main1047.c">
			<Option compilerVar="CC" />
		</Unit>
		<Unit filename="src/main1048.c">
			<Option compilerVar="CC" />
		</Unit>
		<Unit filename="src/main1051.c">
			<Option compilerVar="CC" />
		</Unit>
		<Unit filename="src/main1052.c">
			<Option compilerVar="CC" />
		</Unit>
		<Unit filename="src/main1053.c">
			<Option compilerVar="CC" />
		</Unit>
		<Unit filename="src/main1054.c">
			<Option compilerVar="CC" />
		</Unit>
		<Unit filename="src/main1055.c">
			<Option compilerVar="CC" />
		</Unit>
		<Unit filename="src/main1061.c">
			<Option compilerVar="CC" />
		</Unit>
		<Unit filename="src/main1062.c">
			<Option compilerVar="CC" />
		</Unit>
		<Unit filename="src/main1063.c">
			<Option compilerVar="CC" />
		</Unit>
		<Unit filename="src/main1064.c">
			<Option compilerVar="CC" />
		</Unit>
		<Unit filename="src/main1071.c">
			<Option compilerVar="CC" />
		</Unit>
		<Unit filename="src/main1072.c">
			<Option compilerVar="CC" />
		</Unit>
		<Unit filename="src/main1073.c">
			<Option compilerVar="CC" />
		</Unit>
		<Unit filename="src/main1074.c">
			<Option compilerVar="CC" />
		</Unit>
		<Unit filename="src/main1075.c">
			<Option compilerVar="CC" />
		</Unit>
		<Unit filename="src/main1081.c">
			<Option compilerVar="CC" />
		</Unit>
		<Unit filename="src/main1082.c">
			<Option compilerVar="CC" />
		</Unit>
		<Unit filename="src/main1083.c">
			<Option compilerVar="CC" />
		</Unit>
		<Unit filename="src/main1084.c">
			<Option compilerVar="CC" />
		</Unit>
		<Unit filename="src/main1085.c">
			<Option compilerVar="CC" />
		</Unit>
		<Unit filename="src/main1086.c">
			<Option compilerVar="CC" />
		</Unit>
		<Unit filename="src/main1091.c">
			<Option compilerVar="CC" />
		</Unit>
		<Unit filename="src/main1093.c">
			<Option compilerVar="CC" />
		</Unit>
		<Unit filename="src/main1094.c">
			<Option compilerVar="CC" />
		</Unit>
		<Unit filename="src/main1095.c">
			<Option compilerVar="CC" />
		</Unit>
		<Unit filename="src/main1096.c">
			<Option compilerVar="CC" />
		</Unit>
		<Unit filename="src/main1097.c">
			<Option compilerVar="CC" />
		</Unit>
		<Unit filename="src/main1098.c">
			<Option compilerVar="CC" />
		</Unit>
		<Unit filename="src/main1101.c">
			<Option compilerVar="CC" />
		</Unit>
		<Unit filename="src/main1102.c">
			<Option compilerVar="CC" />
		</Unit>
		<Unit filename="src/main1103.c">
			<Option compilerVar="CC" />
		</Unit>
		<Unit filename="src/main1104.c">
			<Option compilerVar="CC" />
		</Unit>
		<Unit filename="src/main1105.c">
			<Option compilerVar="CC" />
		</Unit>
		<Unit filename="src/main1106.c">
			<Option compilerVar="CC" />
		</Unit>
		<Unit filename="src/main1111.c">
			<Option compilerVar="CC" />
		</Unit>
		<Unit filename="src/main1112.c">
			<Option compilerVar="CC" />
		</Unit>
		<Unit filename="src/main1113.c">
			<Option compilerVar="CC" />
		</Unit>
		<Unit filename="src/main1114.c">
			<Option compilerVar="CC" />
		</Unit>
		<Unit filename="src/main1115.c">
			<Option compilerVar="CC" />
		</Unit>
		<Unit filename="src/main1116.c">
			<Option compilerVar="CC" />
		</Unit>
		<Unit filename="src/main1117.c">
			<Option compilerVar="CC" />
		</Unit>
		<Unit filename="src/main1121.c">
			<Option compilerVar="CC" />
		</Unit>
		<Unit filename="src/main1122.c">
			<Option compilerVar="CC" />
		</Unit>
		<Unit filename="src/main1123.c">
			<Option compilerVar="CC" />
		</Unit>
		<Unit filename="src/main1124.c">
			<Option compilerVar="CC" />
		</Unit>
		<Unit filename="src/main1125.c">
			<Option compilerVar="CC" />
		</Unit>
		<Unit filename="src/main1132.c">
			<Option compilerVar="CC" />
		</Unit>
		<Unit filename="src/main1133.c">
			<Option compilerVar="CC" />
		</Unit>
		<Unit filename="src/main1134.c">
			<Option compilerVar="CC" />
		</Unit>
		<Unit filename="src/main1135.c">
			<Option compilerVar="CC" />
		</Unit>
		<Unit filename="src/main1136.c">
			<Option compilerVar="CC" />
		</Unit>
		<Unit filename="src/main1137.c">
			<Option compilerVar="CC" />
		</Unit>
		<Unit filename="src/main1141.c">
			<Option compilerVar="CC" />
		</Unit>
		<Unit filename="src/main1142.c">
			<Option compilerVar="CC" />
		</Unit>
		<Unit filename="src/main1143.c">
			<Option compilerVar="CC" />
		</Unit>
		<Unit filename="src/main1144.c">
			<Option compilerVar="CC" />
		</Unit>
		<Unit filename="src/main1145.c">
			<Option compilerVar="CC" />
		</Unit>
		<Unit filename="src/main1146.c">
			<Option compilerVar="CC" />
		</Unit>
		<Unit filename="src/main1147.c">
			<Option compilerVar="CC" />
		</Unit>
		<Unit filename="src/main1148.c">
			<Option compilerVar="CC" />
		</Unit>
		<Unit filename="src/main1151.c">
			<Option compilerVar="CC" />
		</Unit>
		<Unit filename="src/main1152.c">
			<Option compilerVar="CC" />
		</Unit>
		<Unit filename="src/main1153.c">
			<Option compilerVar="CC" />
		</Unit>
		<Unit filename="src/main1154.c">
			<Option compilerVar="CC" />
		</Unit>
		<Unit filename="src/main1155.c">
			<Option compilerVar="CC" />
		</Unit>
		<Unit filename="src/main1161.c">
			<Option compilerVar="CC" />
		</Unit>
		<Unit filename="src/main1162.c">
			<Option compilerVar="CC" />
		</Unit>
		<Unit filename="src/main1171.c">
			<Option compilerVar="CC" />
		</Unit>
		<Extensions>
			<code_completion />
			<envvars />
			<debugger />
			<DoxyBlocks>
				<comment_style block="0" line="0" />
				<doxyfile_project />
				<doxyfile_build />
				<doxyfile_warnings />
				<doxyfile_output />
				<doxyfile_dot />
				<general />
			</DoxyBlocks>
		</Extensions>
	</Project>
</CodeBlocks_project_file>
