<?xml version="1.0" encoding="UTF-8" standalone="yes" ?>
<CodeBlocks_project_file>
	<FileVersion major="1" minor="6" />
	<Project>
		<Option title="Test" />
		<Option pch_mode="2" />
		<Option compiler="gcc" />
		<Build>
			<Target title="Debug">
				<Option output="bin/Debug/Test" prefix_auto="1" extension_auto="1" />
				<Option object_output="obj/Debug/" />
				<Option type="1" />
				<Option compiler="gcc" />
				<Compiler>
					<Add option="-g" />
				</Compiler>
			</Target>
			<Target title="Release">
				<Option output="bin/Release/Test" prefix_auto="1" extension_auto="1" />
				<Option object_output="obj/Release/" />
				<Option type="1" />
				<Option compiler="gcc" />
				<Compiler>
					<Add option="-O2" />
				</Compiler>
				<Linker>
					<Add option="-s" />
				</Linker>
			</Target>
		</Build>
		<Compiler>
			<Add option="-std=c++11" />
			<Add option="-Wall" />
			<Add option="-ansi" />
			<Add option="-fexceptions" />
		</Compiler>
		<Unit filename="src/LinkedSet.h" />
		<Unit filename="src/binary_search_tree.cpp" />
		<Unit filename="src/binary_search_tree.h" />
		<Unit filename="src/binary_tree.cpp" />
		<Unit filename="src/binary_tree.h" />
		<Unit filename="src/circ_list.h" />
		<Unit filename="src/hash.cpp" />
		<Unit filename="src/hash.h" />
		<Unit filename="src/heap.cpp" />
		<Unit filename="src/heap.h" />
		<Unit filename="src/linear_list.h" />
		<Unit filename="src/main.cpp" />
		<Unit filename="src/main.h" />
		<Unit filename="src/main000.cpp" />
		<Unit filename="src/main003.cpp" />
		<Unit filename="src/main004.cpp" />
		<Unit filename="src/main005.cpp" />
		<Unit filename="src/main006.cpp" />
		<Unit filename="src/main007.cpp" />
		<Unit filename="src/main008.cpp" />
		<Unit filename="src/main009.cpp" />
		<Unit filename="src/main010.cpp" />
		<Unit filename="src/main011.cpp" />
		<Unit filename="src/main012.cpp" />
		<Unit filename="src/main013.cpp" />
		<Unit filename="src/main014.cpp" />
		<Unit filename="src/main015.cpp" />
		<Unit filename="src/main016.cpp" />
		<Unit filename="src/main017.cpp" />
		<Unit filename="src/main0500.cpp" />
		<Unit filename="src/main0501.cpp" />
		<Unit filename="src/main0502.cpp" />
		<Unit filename="src/main0503.cpp" />
		<Unit filename="src/main0504.cpp" />
		<Unit filename="src/main0505.cpp" />
		<Unit filename="src/main0507.cpp" />
		<Unit filename="src/main0508.cpp" />
		<Unit filename="src/main0509.cpp" />
		<Unit filename="src/main0510.cpp" />
		<Unit filename="src/main0511.cpp" />
		<Unit filename="src/main0512.cpp" />
		<Unit filename="src/main0513.cpp" />
		<Unit filename="src/main0514.cpp" />
		<Unit filename="src/main0515.cpp" />
		<Unit filename="src/main0516.cpp" />
		<Unit filename="src/main0517.cpp" />
		<Unit filename="src/main0518.cpp" />
		<Unit filename="src/main0519.cpp" />
		<Unit filename="src/main0520.cpp" />
		<Unit filename="src/main0521.cpp" />
		<Unit filename="src/main0522.cpp" />
		<Unit filename="src/main0523.cpp" />
		<Unit filename="src/main0524.cpp" />
		<Unit filename="src/main0525.cpp" />
		<Unit filename="src/main0526.cpp" />
		<Unit filename="src/main0527.cpp" />
		<Unit filename="src/main0528.cpp" />
		<Unit filename="src/main0529.cpp" />
		<Unit filename="src/main0530.cpp" />
		<Unit filename="src/main0531.cpp" />
		<Unit filename="src/main0532.cpp" />
		<Unit filename="src/main0533.cpp" />
		<Unit filename="src/main0534.cpp" />
		<Unit filename="src/main0535.cpp" />
		<Unit filename="src/main0536.cpp" />
		<Unit filename="src/main0537.cpp" />
		<Unit filename="src/main0538.cpp" />
		<Unit filename="src/main0539.cpp" />
		<Unit filename="src/main0540.cpp" />
		<Unit filename="src/main0541.cpp" />
		<Unit filename="src/main0542.cpp" />
		<Unit filename="src/main0543.cpp" />
		<Unit filename="src/main0545.cpp" />
		<Unit filename="src/main0546.cpp" />
		<Unit filename="src/main0547.cpp" />
		<Unit filename="src/main0548.cpp" />
		<Unit filename="src/main0549.cpp" />
		<Unit filename="src/main0550.cpp" />
		<Unit filename="src/main0551.cpp" />
		<Unit filename="src/main0552.cpp" />
		<Unit filename="src/main0553.cpp" />
		<Unit filename="src/main0554.cpp" />
		<Unit filename="src/main0555.cpp" />
		<Unit filename="src/main1000.cpp" />
		<Unit filename="src/main1550.cpp" />
		<Unit filename="src/main1560.cpp" />
		<Unit filename="src/main1590.cpp" />
		<Unit filename="src/main1610.cpp" />
		<Unit filename="src/main1620.cpp" />
		<Unit filename="src/main1730.cpp" />
		<Unit filename="src/main1740.cpp" />
		<Unit filename="src/main1760.cpp" />
		<Unit filename="src/main1800.cpp" />
		<Unit filename="src/main2000.cpp" />
		<Unit filename="src/main2001.cpp" />
		<Unit filename="src/main2500.cpp" />
		<Unit filename="src/main2501.cpp" />
		<Unit filename="src/main2516.cpp" />
		<Unit filename="src/main2517.cpp" />
		<Unit filename="src/main2518.cpp" />
		<Unit filename="src/main2519.cpp" />
		<Unit filename="src/main2525.cpp" />
		<Unit filename="src/main2526.cpp" />
		<Unit filename="src/main2527.cpp" />
		<Unit filename="src/main2528.cpp" />
		<Unit filename="src/main2534.cpp" />
		<Unit filename="src/main2535.cpp" />
		<Unit filename="src/main2542.cpp" />
		<Unit filename="src/main2543.cpp" />
		<Unit filename="src/main2544.cpp" />
		<Unit filename="src/main2545.cpp" />
		<Unit filename="src/main2554.cpp" />
		<Unit filename="src/main2564.cpp" />
		<Unit filename="src/main2565.cpp" />
		<Unit filename="src/main2566.cpp" />
		<Unit filename="src/main2572.cpp" />
		<Unit filename="src/main2579.cpp" />
		<Unit filename="src/main2583.cpp" />
		<Unit filename="src/main2584.cpp" />
		<Unit filename="src/main2585.cpp" />
		<Unit filename="src/main2591.cpp" />
		<Unit filename="src/main2592.cpp" />
		<Unit filename="src/oj.h" />
		<Unit filename="src/sort.cpp" />
		<Unit filename="src/sort.h" />
		<Unit filename="src/static_list.h" />
		<Unit filename="src/test_binary_search_tree.cpp" />
		<Unit filename="src/test_heap.cpp" />
		<Extensions>
			<code_completion />
			<envvars />
			<debugger />
			<DoxyBlocks>
				<comment_style block="0" line="0" />
				<doxyfile_project />
				<doxyfile_build />
				<doxyfile_warnings />
				<doxyfile_output />
				<doxyfile_dot />
				<general />
			</DoxyBlocks>
		</Extensions>
	</Project>
</CodeBlocks_project_file>
