
Microsoft Visual Studio Solution File, Format Version 12.00
# Visual Studio Version 16
VisualStudioVersion = 16.0.29318.209
MinimumVisualStudioVersion = 10.0.40219.1
Project("{8BC9CEB8-8B4A-11D0-8D11-00A0C91BC942}") = "ConsoleTest", "ConsoleTest\ConsoleTest.vcxproj", "{44D18830-42D1-49BC-8806-B9064E380627}"
EndProject
Project("{8BC9CEB8-8B4A-11D0-8D11-00A0C91BC942}") = "WindowTest", "WindowTest\WindowTest.vcxproj", "{ABE726DD-7CB4-4D9C-91CE-4786DEB0F383}"
EndProject
Project("{8BC9CEB8-8B4A-11D0-8D11-00A0C91BC942}") = "BlueToothExc", "BlueToothExc\BlueToothExc.vcxproj", "{BE28A888-CEDF-48BD-B6A1-77224D59D4DF}"
EndProject
Project("{8BC9CEB8-8B4A-11D0-8D11-00A0C91BC942}") = "bthcxn", "BthCxn\bthcxn.vcxproj", "{B32C12E0-9DB3-451E-A5AC-23F7056E38F0}"
EndProject
Project("{8BC9CEB8-8B4A-11D0-8D11-00A0C91BC942}") = "MFCTest", "MFCTest\MFCTest.vcxproj", "{B297EED8-9301-4794-9203-C78190BFF08E}"
EndProject
Project("{8BC9CEB8-8B4A-11D0-8D11-00A0C91BC942}") = "WiFiDirectLegacyAPDemo", "WiFiDirectLegacyAPDemo_v1.0\WiFiDirectLegacyAPDemo.vcxproj", "{2E6485F5-F9E7-4108-B94E-99463297AFEB}"
EndProject
Project("{8BC9CEB8-8B4A-11D0-8D11-00A0C91BC942}") = "WiFiScan", "WifiDirect\WiFiScan\cpp\WiFiScan.vcxproj", "{40951DBA-D2E3-5835-9015-AF50834224AA}"
EndProject
Project("{8BC9CEB8-8B4A-11D0-8D11-00A0C91BC942}") = "WiFiDirect", "WifiDirect\WiFiDirect\cpp\WiFiDirect.vcxproj", "{A00567E3-9628-5293-B902-98C1871CC37A}"
EndProject
Project("{8BC9CEB8-8B4A-11D0-8D11-00A0C91BC942}") = "WiFiDirectServices", "WifiDirect\WiFiDirectServices\cpp\WiFiDirectServices.vcxproj", "{FDD76B30-F5CF-5822-AC9D-13BBD74325BA}"
EndProject
Project("{8BC9CEB8-8B4A-11D0-8D11-00A0C91BC942}") = "OpenSSLTest", "OpenSSLTest\OpenSSLTest.vcxproj", "{9D9C1C62-4181-41F8-B43C-AA771A3B4109}"
EndProject
Project("{8BC9CEB8-8B4A-11D0-8D11-00A0C91BC942}") = "OpenGL", "OpenGL\OpenGL.vcxproj", "{AC6AC00D-2C6A-4CBA-BDC0-236CC69EE2D1}"
EndProject
Project("{8BC9CEB8-8B4A-11D0-8D11-00A0C91BC942}") = "Libjiangxin", "Libjiangxin\Libjiangxin.vcxproj", "{AE6FDA23-4D18-4A16-8D9B-55EFC32AF895}"
EndProject
Project("{8BC9CEB8-8B4A-11D0-8D11-00A0C91BC942}") = "LibTest", "LibTest\LibTest.vcxproj", "{A0AAE0C6-E2FF-4B73-BD3F-EB461DE2ECA3}"
EndProject
Global
	GlobalSection(SolutionConfigurationPlatforms) = preSolution
		Debug|Any CPU = Debug|Any CPU
		Debug|ARM = Debug|ARM
		Debug|x64 = Debug|x64
		Debug|x86 = Debug|x86
		Release|Any CPU = Release|Any CPU
		Release|ARM = Release|ARM
		Release|x64 = Release|x64
		Release|x86 = Release|x86
	EndGlobalSection
	GlobalSection(ProjectConfigurationPlatforms) = postSolution
		{44D18830-42D1-49BC-8806-B9064E380627}.Debug|Any CPU.ActiveCfg = Debug|Win32
		{44D18830-42D1-49BC-8806-B9064E380627}.Debug|ARM.ActiveCfg = Debug|Win32
		{44D18830-42D1-49BC-8806-B9064E380627}.Debug|x64.ActiveCfg = Debug|x64
		{44D18830-42D1-49BC-8806-B9064E380627}.Debug|x64.Build.0 = Debug|x64
		{44D18830-42D1-49BC-8806-B9064E380627}.Debug|x86.ActiveCfg = Debug|Win32
		{44D18830-42D1-49BC-8806-B9064E380627}.Debug|x86.Build.0 = Debug|Win32
		{44D18830-42D1-49BC-8806-B9064E380627}.Release|Any CPU.ActiveCfg = Release|Win32
		{44D18830-42D1-49BC-8806-B9064E380627}.Release|ARM.ActiveCfg = Release|Win32
		{44D18830-42D1-49BC-8806-B9064E380627}.Release|x64.ActiveCfg = Release|x64
		{44D18830-42D1-49BC-8806-B9064E380627}.Release|x64.Build.0 = Release|x64
		{44D18830-42D1-49BC-8806-B9064E380627}.Release|x86.ActiveCfg = Release|Win32
		{44D18830-42D1-49BC-8806-B9064E380627}.Release|x86.Build.0 = Release|Win32
		{ABE726DD-7CB4-4D9C-91CE-4786DEB0F383}.Debug|Any CPU.ActiveCfg = Debug|Win32
		{ABE726DD-7CB4-4D9C-91CE-4786DEB0F383}.Debug|ARM.ActiveCfg = Debug|Win32
		{ABE726DD-7CB4-4D9C-91CE-4786DEB0F383}.Debug|x64.ActiveCfg = Debug|x64
		{ABE726DD-7CB4-4D9C-91CE-4786DEB0F383}.Debug|x64.Build.0 = Debug|x64
		{ABE726DD-7CB4-4D9C-91CE-4786DEB0F383}.Debug|x86.ActiveCfg = Debug|Win32
		{ABE726DD-7CB4-4D9C-91CE-4786DEB0F383}.Debug|x86.Build.0 = Debug|Win32
		{ABE726DD-7CB4-4D9C-91CE-4786DEB0F383}.Release|Any CPU.ActiveCfg = Release|Win32
		{ABE726DD-7CB4-4D9C-91CE-4786DEB0F383}.Release|ARM.ActiveCfg = Release|Win32
		{ABE726DD-7CB4-4D9C-91CE-4786DEB0F383}.Release|x64.ActiveCfg = Release|x64
		{ABE726DD-7CB4-4D9C-91CE-4786DEB0F383}.Release|x64.Build.0 = Release|x64
		{ABE726DD-7CB4-4D9C-91CE-4786DEB0F383}.Release|x86.ActiveCfg = Release|Win32
		{ABE726DD-7CB4-4D9C-91CE-4786DEB0F383}.Release|x86.Build.0 = Release|Win32
		{BE28A888-CEDF-48BD-B6A1-77224D59D4DF}.Debug|Any CPU.ActiveCfg = Debug|Win32
		{BE28A888-CEDF-48BD-B6A1-77224D59D4DF}.Debug|ARM.ActiveCfg = Debug|Win32
		{BE28A888-CEDF-48BD-B6A1-77224D59D4DF}.Debug|x64.ActiveCfg = Debug|Win32
		{BE28A888-CEDF-48BD-B6A1-77224D59D4DF}.Debug|x86.ActiveCfg = Debug|Win32
		{BE28A888-CEDF-48BD-B6A1-77224D59D4DF}.Debug|x86.Build.0 = Debug|Win32
		{BE28A888-CEDF-48BD-B6A1-77224D59D4DF}.Release|Any CPU.ActiveCfg = Release|Win32
		{BE28A888-CEDF-48BD-B6A1-77224D59D4DF}.Release|ARM.ActiveCfg = Release|Win32
		{BE28A888-CEDF-48BD-B6A1-77224D59D4DF}.Release|x64.ActiveCfg = Release|Win32
		{BE28A888-CEDF-48BD-B6A1-77224D59D4DF}.Release|x86.ActiveCfg = Release|Win32
		{BE28A888-CEDF-48BD-B6A1-77224D59D4DF}.Release|x86.Build.0 = Release|Win32
		{B32C12E0-9DB3-451E-A5AC-23F7056E38F0}.Debug|Any CPU.ActiveCfg = Debug|Win32
		{B32C12E0-9DB3-451E-A5AC-23F7056E38F0}.Debug|ARM.ActiveCfg = Debug|Win32
		{B32C12E0-9DB3-451E-A5AC-23F7056E38F0}.Debug|x64.ActiveCfg = Debug|Win32
		{B32C12E0-9DB3-451E-A5AC-23F7056E38F0}.Debug|x86.ActiveCfg = Debug|Win32
		{B32C12E0-9DB3-451E-A5AC-23F7056E38F0}.Debug|x86.Build.0 = Debug|Win32
		{B32C12E0-9DB3-451E-A5AC-23F7056E38F0}.Release|Any CPU.ActiveCfg = Release|Win32
		{B32C12E0-9DB3-451E-A5AC-23F7056E38F0}.Release|ARM.ActiveCfg = Release|Win32
		{B32C12E0-9DB3-451E-A5AC-23F7056E38F0}.Release|x64.ActiveCfg = Release|Win32
		{B32C12E0-9DB3-451E-A5AC-23F7056E38F0}.Release|x86.ActiveCfg = Release|Win32
		{B32C12E0-9DB3-451E-A5AC-23F7056E38F0}.Release|x86.Build.0 = Release|Win32
		{B297EED8-9301-4794-9203-C78190BFF08E}.Debug|Any CPU.ActiveCfg = Debug|Win32
		{B297EED8-9301-4794-9203-C78190BFF08E}.Debug|ARM.ActiveCfg = Debug|Win32
		{B297EED8-9301-4794-9203-C78190BFF08E}.Debug|x64.ActiveCfg = Debug|x64
		{B297EED8-9301-4794-9203-C78190BFF08E}.Debug|x64.Build.0 = Debug|x64
		{B297EED8-9301-4794-9203-C78190BFF08E}.Debug|x86.ActiveCfg = Debug|Win32
		{B297EED8-9301-4794-9203-C78190BFF08E}.Debug|x86.Build.0 = Debug|Win32
		{B297EED8-9301-4794-9203-C78190BFF08E}.Release|Any CPU.ActiveCfg = Release|Win32
		{B297EED8-9301-4794-9203-C78190BFF08E}.Release|ARM.ActiveCfg = Release|Win32
		{B297EED8-9301-4794-9203-C78190BFF08E}.Release|x64.ActiveCfg = Release|x64
		{B297EED8-9301-4794-9203-C78190BFF08E}.Release|x64.Build.0 = Release|x64
		{B297EED8-9301-4794-9203-C78190BFF08E}.Release|x86.ActiveCfg = Release|Win32
		{B297EED8-9301-4794-9203-C78190BFF08E}.Release|x86.Build.0 = Release|Win32
		{2E6485F5-F9E7-4108-B94E-99463297AFEB}.Debug|Any CPU.ActiveCfg = Debug|Win32
		{2E6485F5-F9E7-4108-B94E-99463297AFEB}.Debug|ARM.ActiveCfg = Debug|Win32
		{2E6485F5-F9E7-4108-B94E-99463297AFEB}.Debug|x64.ActiveCfg = Debug|x64
		{2E6485F5-F9E7-4108-B94E-99463297AFEB}.Debug|x64.Build.0 = Debug|x64
		{2E6485F5-F9E7-4108-B94E-99463297AFEB}.Debug|x86.ActiveCfg = Debug|Win32
		{2E6485F5-F9E7-4108-B94E-99463297AFEB}.Debug|x86.Build.0 = Debug|Win32
		{2E6485F5-F9E7-4108-B94E-99463297AFEB}.Release|Any CPU.ActiveCfg = Release|Win32
		{2E6485F5-F9E7-4108-B94E-99463297AFEB}.Release|ARM.ActiveCfg = Release|Win32
		{2E6485F5-F9E7-4108-B94E-99463297AFEB}.Release|x64.ActiveCfg = Release|x64
		{2E6485F5-F9E7-4108-B94E-99463297AFEB}.Release|x64.Build.0 = Release|x64
		{2E6485F5-F9E7-4108-B94E-99463297AFEB}.Release|x86.ActiveCfg = Release|Win32
		{2E6485F5-F9E7-4108-B94E-99463297AFEB}.Release|x86.Build.0 = Release|Win32
		{40951DBA-D2E3-5835-9015-AF50834224AA}.Debug|Any CPU.ActiveCfg = Debug|Win32
		{40951DBA-D2E3-5835-9015-AF50834224AA}.Debug|ARM.ActiveCfg = Debug|ARM
		{40951DBA-D2E3-5835-9015-AF50834224AA}.Debug|ARM.Build.0 = Debug|ARM
		{40951DBA-D2E3-5835-9015-AF50834224AA}.Debug|ARM.Deploy.0 = Debug|ARM
		{40951DBA-D2E3-5835-9015-AF50834224AA}.Debug|x64.ActiveCfg = Debug|x64
		{40951DBA-D2E3-5835-9015-AF50834224AA}.Debug|x64.Build.0 = Debug|x64
		{40951DBA-D2E3-5835-9015-AF50834224AA}.Debug|x64.Deploy.0 = Debug|x64
		{40951DBA-D2E3-5835-9015-AF50834224AA}.Debug|x86.ActiveCfg = Debug|Win32
		{40951DBA-D2E3-5835-9015-AF50834224AA}.Debug|x86.Build.0 = Debug|Win32
		{40951DBA-D2E3-5835-9015-AF50834224AA}.Debug|x86.Deploy.0 = Debug|Win32
		{40951DBA-D2E3-5835-9015-AF50834224AA}.Release|Any CPU.ActiveCfg = Release|Win32
		{40951DBA-D2E3-5835-9015-AF50834224AA}.Release|ARM.ActiveCfg = Release|ARM
		{40951DBA-D2E3-5835-9015-AF50834224AA}.Release|ARM.Build.0 = Release|ARM
		{40951DBA-D2E3-5835-9015-AF50834224AA}.Release|ARM.Deploy.0 = Release|ARM
		{40951DBA-D2E3-5835-9015-AF50834224AA}.Release|x64.ActiveCfg = Release|x64
		{40951DBA-D2E3-5835-9015-AF50834224AA}.Release|x64.Build.0 = Release|x64
		{40951DBA-D2E3-5835-9015-AF50834224AA}.Release|x64.Deploy.0 = Release|x64
		{40951DBA-D2E3-5835-9015-AF50834224AA}.Release|x86.ActiveCfg = Release|Win32
		{40951DBA-D2E3-5835-9015-AF50834224AA}.Release|x86.Build.0 = Release|Win32
		{40951DBA-D2E3-5835-9015-AF50834224AA}.Release|x86.Deploy.0 = Release|Win32
		{A00567E3-9628-5293-B902-98C1871CC37A}.Debug|Any CPU.ActiveCfg = Debug|Win32
		{A00567E3-9628-5293-B902-98C1871CC37A}.Debug|ARM.ActiveCfg = Debug|ARM
		{A00567E3-9628-5293-B902-98C1871CC37A}.Debug|ARM.Build.0 = Debug|ARM
		{A00567E3-9628-5293-B902-98C1871CC37A}.Debug|ARM.Deploy.0 = Debug|ARM
		{A00567E3-9628-5293-B902-98C1871CC37A}.Debug|x64.ActiveCfg = Debug|x64
		{A00567E3-9628-5293-B902-98C1871CC37A}.Debug|x64.Build.0 = Debug|x64
		{A00567E3-9628-5293-B902-98C1871CC37A}.Debug|x64.Deploy.0 = Debug|x64
		{A00567E3-9628-5293-B902-98C1871CC37A}.Debug|x86.ActiveCfg = Debug|Win32
		{A00567E3-9628-5293-B902-98C1871CC37A}.Debug|x86.Build.0 = Debug|Win32
		{A00567E3-9628-5293-B902-98C1871CC37A}.Debug|x86.Deploy.0 = Debug|Win32
		{A00567E3-9628-5293-B902-98C1871CC37A}.Release|Any CPU.ActiveCfg = Release|Win32
		{A00567E3-9628-5293-B902-98C1871CC37A}.Release|ARM.ActiveCfg = Release|ARM
		{A00567E3-9628-5293-B902-98C1871CC37A}.Release|ARM.Build.0 = Release|ARM
		{A00567E3-9628-5293-B902-98C1871CC37A}.Release|ARM.Deploy.0 = Release|ARM
		{A00567E3-9628-5293-B902-98C1871CC37A}.Release|x64.ActiveCfg = Release|x64
		{A00567E3-9628-5293-B902-98C1871CC37A}.Release|x64.Build.0 = Release|x64
		{A00567E3-9628-5293-B902-98C1871CC37A}.Release|x64.Deploy.0 = Release|x64
		{A00567E3-9628-5293-B902-98C1871CC37A}.Release|x86.ActiveCfg = Release|Win32
		{A00567E3-9628-5293-B902-98C1871CC37A}.Release|x86.Build.0 = Release|Win32
		{A00567E3-9628-5293-B902-98C1871CC37A}.Release|x86.Deploy.0 = Release|Win32
		{FDD76B30-F5CF-5822-AC9D-13BBD74325BA}.Debug|Any CPU.ActiveCfg = Debug|Win32
		{FDD76B30-F5CF-5822-AC9D-13BBD74325BA}.Debug|ARM.ActiveCfg = Debug|ARM
		{FDD76B30-F5CF-5822-AC9D-13BBD74325BA}.Debug|ARM.Build.0 = Debug|ARM
		{FDD76B30-F5CF-5822-AC9D-13BBD74325BA}.Debug|ARM.Deploy.0 = Debug|ARM
		{FDD76B30-F5CF-5822-AC9D-13BBD74325BA}.Debug|x64.ActiveCfg = Debug|x64
		{FDD76B30-F5CF-5822-AC9D-13BBD74325BA}.Debug|x64.Build.0 = Debug|x64
		{FDD76B30-F5CF-5822-AC9D-13BBD74325BA}.Debug|x64.Deploy.0 = Debug|x64
		{FDD76B30-F5CF-5822-AC9D-13BBD74325BA}.Debug|x86.ActiveCfg = Debug|Win32
		{FDD76B30-F5CF-5822-AC9D-13BBD74325BA}.Debug|x86.Build.0 = Debug|Win32
		{FDD76B30-F5CF-5822-AC9D-13BBD74325BA}.Debug|x86.Deploy.0 = Debug|Win32
		{FDD76B30-F5CF-5822-AC9D-13BBD74325BA}.Release|Any CPU.ActiveCfg = Release|Win32
		{FDD76B30-F5CF-5822-AC9D-13BBD74325BA}.Release|ARM.ActiveCfg = Release|ARM
		{FDD76B30-F5CF-5822-AC9D-13BBD74325BA}.Release|ARM.Build.0 = Release|ARM
		{FDD76B30-F5CF-5822-AC9D-13BBD74325BA}.Release|ARM.Deploy.0 = Release|ARM
		{FDD76B30-F5CF-5822-AC9D-13BBD74325BA}.Release|x64.ActiveCfg = Release|x64
		{FDD76B30-F5CF-5822-AC9D-13BBD74325BA}.Release|x64.Build.0 = Release|x64
		{FDD76B30-F5CF-5822-AC9D-13BBD74325BA}.Release|x64.Deploy.0 = Release|x64
		{FDD76B30-F5CF-5822-AC9D-13BBD74325BA}.Release|x86.ActiveCfg = Release|Win32
		{FDD76B30-F5CF-5822-AC9D-13BBD74325BA}.Release|x86.Build.0 = Release|Win32
		{FDD76B30-F5CF-5822-AC9D-13BBD74325BA}.Release|x86.Deploy.0 = Release|Win32
		{9D9C1C62-4181-41F8-B43C-AA771A3B4109}.Debug|Any CPU.ActiveCfg = Debug|Win32
		{9D9C1C62-4181-41F8-B43C-AA771A3B4109}.Debug|ARM.ActiveCfg = Debug|Win32
		{9D9C1C62-4181-41F8-B43C-AA771A3B4109}.Debug|x64.ActiveCfg = Debug|x64
		{9D9C1C62-4181-41F8-B43C-AA771A3B4109}.Debug|x64.Build.0 = Debug|x64
		{9D9C1C62-4181-41F8-B43C-AA771A3B4109}.Debug|x86.ActiveCfg = Debug|Win32
		{9D9C1C62-4181-41F8-B43C-AA771A3B4109}.Debug|x86.Build.0 = Debug|Win32
		{9D9C1C62-4181-41F8-B43C-AA771A3B4109}.Release|Any CPU.ActiveCfg = Release|Win32
		{9D9C1C62-4181-41F8-B43C-AA771A3B4109}.Release|ARM.ActiveCfg = Release|Win32
		{9D9C1C62-4181-41F8-B43C-AA771A3B4109}.Release|x64.ActiveCfg = Release|x64
		{9D9C1C62-4181-41F8-B43C-AA771A3B4109}.Release|x64.Build.0 = Release|x64
		{9D9C1C62-4181-41F8-B43C-AA771A3B4109}.Release|x86.ActiveCfg = Release|Win32
		{9D9C1C62-4181-41F8-B43C-AA771A3B4109}.Release|x86.Build.0 = Release|Win32
		{AC6AC00D-2C6A-4CBA-BDC0-236CC69EE2D1}.Debug|Any CPU.ActiveCfg = Debug|Win32
		{AC6AC00D-2C6A-4CBA-BDC0-236CC69EE2D1}.Debug|ARM.ActiveCfg = Debug|Win32
		{AC6AC00D-2C6A-4CBA-BDC0-236CC69EE2D1}.Debug|x64.ActiveCfg = Debug|x64
		{AC6AC00D-2C6A-4CBA-BDC0-236CC69EE2D1}.Debug|x64.Build.0 = Debug|x64
		{AC6AC00D-2C6A-4CBA-BDC0-236CC69EE2D1}.Debug|x86.ActiveCfg = Debug|Win32
		{AC6AC00D-2C6A-4CBA-BDC0-236CC69EE2D1}.Debug|x86.Build.0 = Debug|Win32
		{AC6AC00D-2C6A-4CBA-BDC0-236CC69EE2D1}.Release|Any CPU.ActiveCfg = Release|Win32
		{AC6AC00D-2C6A-4CBA-BDC0-236CC69EE2D1}.Release|ARM.ActiveCfg = Release|Win32
		{AC6AC00D-2C6A-4CBA-BDC0-236CC69EE2D1}.Release|x64.ActiveCfg = Release|x64
		{AC6AC00D-2C6A-4CBA-BDC0-236CC69EE2D1}.Release|x64.Build.0 = Release|x64
		{AC6AC00D-2C6A-4CBA-BDC0-236CC69EE2D1}.Release|x86.ActiveCfg = Release|Win32
		{AC6AC00D-2C6A-4CBA-BDC0-236CC69EE2D1}.Release|x86.Build.0 = Release|Win32
		{AE6FDA23-4D18-4A16-8D9B-55EFC32AF895}.Debug|Any CPU.ActiveCfg = Debug|Win32
		{AE6FDA23-4D18-4A16-8D9B-55EFC32AF895}.Debug|ARM.ActiveCfg = Debug|ARM
		{AE6FDA23-4D18-4A16-8D9B-55EFC32AF895}.Debug|ARM.Build.0 = Debug|ARM
		{AE6FDA23-4D18-4A16-8D9B-55EFC32AF895}.Debug|x64.ActiveCfg = Debug|x64
		{AE6FDA23-4D18-4A16-8D9B-55EFC32AF895}.Debug|x64.Build.0 = Debug|x64
		{AE6FDA23-4D18-4A16-8D9B-55EFC32AF895}.Debug|x86.ActiveCfg = Debug|Win32
		{AE6FDA23-4D18-4A16-8D9B-55EFC32AF895}.Debug|x86.Build.0 = Debug|Win32
		{AE6FDA23-4D18-4A16-8D9B-55EFC32AF895}.Release|Any CPU.ActiveCfg = Release|Win32
		{AE6FDA23-4D18-4A16-8D9B-55EFC32AF895}.Release|ARM.ActiveCfg = Release|ARM
		{AE6FDA23-4D18-4A16-8D9B-55EFC32AF895}.Release|ARM.Build.0 = Release|ARM
		{AE6FDA23-4D18-4A16-8D9B-55EFC32AF895}.Release|x64.ActiveCfg = Release|x64
		{AE6FDA23-4D18-4A16-8D9B-55EFC32AF895}.Release|x64.Build.0 = Release|x64
		{AE6FDA23-4D18-4A16-8D9B-55EFC32AF895}.Release|x86.ActiveCfg = Release|Win32
		{AE6FDA23-4D18-4A16-8D9B-55EFC32AF895}.Release|x86.Build.0 = Release|Win32
		{A0AAE0C6-E2FF-4B73-BD3F-EB461DE2ECA3}.Debug|Any CPU.ActiveCfg = Debug|Win32
		{A0AAE0C6-E2FF-4B73-BD3F-EB461DE2ECA3}.Debug|ARM.ActiveCfg = Debug|Win32
		{A0AAE0C6-E2FF-4B73-BD3F-EB461DE2ECA3}.Debug|x64.ActiveCfg = Debug|Win32
		{A0AAE0C6-E2FF-4B73-BD3F-EB461DE2ECA3}.Debug|x86.ActiveCfg = Debug|Win32
		{A0AAE0C6-E2FF-4B73-BD3F-EB461DE2ECA3}.Debug|x86.Build.0 = Debug|Win32
		{A0AAE0C6-E2FF-4B73-BD3F-EB461DE2ECA3}.Release|Any CPU.ActiveCfg = Release|Win32
		{A0AAE0C6-E2FF-4B73-BD3F-EB461DE2ECA3}.Release|ARM.ActiveCfg = Release|Win32
		{A0AAE0C6-E2FF-4B73-BD3F-EB461DE2ECA3}.Release|x64.ActiveCfg = Release|Win32
		{A0AAE0C6-E2FF-4B73-BD3F-EB461DE2ECA3}.Release|x86.ActiveCfg = Release|Win32
		{A0AAE0C6-E2FF-4B73-BD3F-EB461DE2ECA3}.Release|x86.Build.0 = Release|Win32
	EndGlobalSection
	GlobalSection(SolutionProperties) = preSolution
		HideSolutionNode = FALSE
	EndGlobalSection
	GlobalSection(ExtensibilityGlobals) = postSolution
		SolutionGuid = {AB719AAC-79FA-42DC-95CE-D55406D1A56F}
	EndGlobalSection
EndGlobal
