<?xml version="1.0" encoding="utf-8"?>
<Project ToolsVersion="4.0" xmlns="http://schemas.microsoft.com/developer/msbuild/2003">
  <ItemGroup>
    <Filter Include="源文件">
      <UniqueIdentifier>{4FC737F1-C7A5-4376-A066-2A32D752A2FF}</UniqueIdentifier>
      <Extensions>cpp;c;cc;cxx;def;odl;idl;hpj;bat;asm;asmx</Extensions>
    </Filter>
    <Filter Include="头文件">
      <UniqueIdentifier>{93995380-89BD-4b04-88EB-625FBE52EBFB}</UniqueIdentifier>
      <Extensions>h;hpp;hxx;hm;inl;inc;xsd</Extensions>
    </Filter>
    <Filter Include="资源文件">
      <UniqueIdentifier>{67DA6AB6-F800-4c08-8B7A-83BB121AAD01}</UniqueIdentifier>
      <Extensions>rc;ico;cur;bmp;dlg;rc2;rct;bin;rgs;gif;jpg;jpeg;jpe;resx;tiff;tif;png;wav;mfcribbon-ms</Extensions>
    </Filter>
  </ItemGroup>
  <ItemGroup>
    <None Include="ReadMe.txt" />
    <None Include="UserImages.bmp">
      <Filter>资源文件</Filter>
    </None>
    <None Include="res\ODBC.rc2">
      <Filter>资源文件</Filter>
    </None>
    <None Include="res\ODBC.ico">
      <Filter>资源文件</Filter>
    </None>
    <None Include="res\Toolbar.bmp">
      <Filter>资源文件</Filter>
    </None>
    <None Include="res\Toolbar256.bmp">
      <Filter>资源文件</Filter>
    </None>
    <None Include="ClassDiagram1.cd" />
  </ItemGroup>
  <ItemGroup>
    <ClInclude Include="ODBC.h">
      <Filter>头文件</Filter>
    </ClInclude>
    <ClInclude Include="stdafx.h">
      <Filter>头文件</Filter>
    </ClInclude>
    <ClInclude Include="targetver.h">
      <Filter>头文件</Filter>
    </ClInclude>
    <ClInclude Include="MainFrm.h">
      <Filter>头文件</Filter>
    </ClInclude>
    <ClInclude Include="Resource.h">
      <Filter>头文件</Filter>
    </ClInclude>
    <ClInclude Include="MyChildFrame.h">
      <Filter>头文件</Filter>
    </ClInclude>
    <ClInclude Include="LoginDlg.h">
      <Filter>头文件</Filter>
    </ClInclude>
    <ClInclude Include="StudentInfo.h">
      <Filter>头文件</Filter>
    </ClInclude>
    <ClInclude Include="TeacherScore.h">
      <Filter>头文件</Filter>
    </ClInclude>
    <ClInclude Include="USERS.h">
      <Filter>头文件</Filter>
    </ClInclude>
    <ClInclude Include="UserChange.h">
      <Filter>头文件</Filter>
    </ClInclude>
    <ClInclude Include="TeacherInfo.h">
      <Filter>头文件</Filter>
    </ClInclude>
    <ClInclude Include="InfoManager.h">
      <Filter>头文件</Filter>
    </ClInclude>
    <ClInclude Include="ChoiceCourse.h">
      <Filter>头文件</Filter>
    </ClInclude>
    <ClInclude Include="DelCourse.h">
      <Filter>头文件</Filter>
    </ClInclude>
    <ClInclude Include="CourseList.h">
      <Filter>头文件</Filter>
    </ClInclude>
    <ClInclude Include="CourseInfoManager.h">
      <Filter>头文件</Filter>
    </ClInclude>
    <ClInclude Include="CourseListManager.h">
      <Filter>头文件</Filter>
    </ClInclude>
    <ClInclude Include="CourseScore.h">
      <Filter>头文件</Filter>
    </ClInclude>
  </ItemGroup>
  <ItemGroup>
    <ClCompile Include="ODBC.cpp">
      <Filter>源文件</Filter>
    </ClCompile>
    <ClCompile Include="stdafx.cpp">
      <Filter>源文件</Filter>
    </ClCompile>
    <ClCompile Include="MainFrm.cpp">
      <Filter>源文件</Filter>
    </ClCompile>
    <ClCompile Include="MyChildFrame.cpp">
      <Filter>源文件</Filter>
    </ClCompile>
    <ClCompile Include="LoginDlg.cpp">
      <Filter>源文件</Filter>
    </ClCompile>
    <ClCompile Include="StudentInfo.cpp">
      <Filter>源文件</Filter>
    </ClCompile>
    <ClCompile Include="TeacherScore.cpp">
      <Filter>源文件</Filter>
    </ClCompile>
    <ClCompile Include="USERS.cpp">
      <Filter>源文件</Filter>
    </ClCompile>
    <ClCompile Include="UserChange.cpp">
      <Filter>源文件</Filter>
    </ClCompile>
    <ClCompile Include="TeacherInfo.cpp">
      <Filter>源文件</Filter>
    </ClCompile>
    <ClCompile Include="InfoManager.cpp">
      <Filter>源文件</Filter>
    </ClCompile>
    <ClCompile Include="ChoiceCourse.cpp">
      <Filter>源文件</Filter>
    </ClCompile>
    <ClCompile Include="DelCourse.cpp">
      <Filter>源文件</Filter>
    </ClCompile>
    <ClCompile Include="CourseList.cpp">
      <Filter>源文件</Filter>
    </ClCompile>
    <ClCompile Include="CourseInfoManager.cpp">
      <Filter>源文件</Filter>
    </ClCompile>
    <ClCompile Include="CourseListManager.cpp">
      <Filter>源文件</Filter>
    </ClCompile>
    <ClCompile Include="CourseScore.cpp">
      <Filter>源文件</Filter>
    </ClCompile>
  </ItemGroup>
  <ItemGroup>
    <ResourceCompile Include="ODBC.rc">
      <Filter>资源文件</Filter>
    </ResourceCompile>
  </ItemGroup>
</Project>